// !$*UTF8*$!
{
	archiveVersion = 1;
	classes = {
	};
	objectVersion = 56;
	objects = {

/* Begin PBXBuildFile section */
		C263F2602B9C07B0007AF51E /* RotateGestureView.swift in Sources */ = {isa = PBXBuildFile; fileRef = C263F25F2B9C07B0007AF51E /* RotateGestureView.swift */; };
		C263F2622B9C07E7007AF51E /* MagnifyGestureView.swift in Sources */ = {isa = PBXBuildFile; fileRef = C263F2612B9C07E7007AF51E /* MagnifyGestureView.swift */; };
		C263F2642B9C088B007AF51E /* MultipleGesturesView.swift in Sources */ = {isa = PBXBuildFile; fileRef = C263F2632B9C088B007AF51E /* MultipleGesturesView.swift */; };
		C263F2662B9C09EA007AF51E /* SequentialGesturesView.swift in Sources */ = {isa = PBXBuildFile; fileRef = C263F2652B9C09EA007AF51E /* SequentialGesturesView.swift */; };
		C263F2682B9C0C81007AF51E /* HitTestingView.swift in Sources */ = {isa = PBXBuildFile; fileRef = C263F2672B9C0C81007AF51E /* HitTestingView.swift */; };
		C263F4A82B9DBA48007AF51E /* TimerPublisherView.swift in Sources */ = {isa = PBXBuildFile; fileRef = C263F4A72B9DBA48007AF51E /* TimerPublisherView.swift */; };
		C263F4AA2B9DBD36007AF51E /* BackgroundNotifierView.swift in Sources */ = {isa = PBXBuildFile; fileRef = C263F4A92B9DBD36007AF51E /* BackgroundNotifierView.swift */; };
		C263F4AC2B9DBF7C007AF51E /* AccessibilityNeedsView.swift in Sources */ = {isa = PBXBuildFile; fileRef = C263F4AB2B9DBF7C007AF51E /* AccessibilityNeedsView.swift */; };
		C2933F3C2BA5A1E400700BCE /* CardViewModel.swift in Sources */ = {isa = PBXBuildFile; fileRef = C2933F3B2BA5A1E400700BCE /* CardViewModel.swift */; };
		C2BBE7D32BA2EDF800A30E3B /* EditCards.swift in Sources */ = {isa = PBXBuildFile; fileRef = C2BBE7D22BA2EDF800A30E3B /* EditCards.swift */; };
		C2C5B6622B9C000300F474A2 /* FlashZillaApp.swift in Sources */ = {isa = PBXBuildFile; fileRef = C2C5B6612B9C000300F474A2 /* FlashZillaApp.swift */; };
		C2C5B6642B9C000300F474A2 /* CustomGestureView.swift in Sources */ = {isa = PBXBuildFile; fileRef = C2C5B6632B9C000300F474A2 /* CustomGestureView.swift */; };
		C2C5B6662B9C000400F474A2 /* Assets.xcassets in Resources */ = {isa = PBXBuildFile; fileRef = C2C5B6652B9C000400F474A2 /* Assets.xcassets */; };
		C2C5B6692B9C000400F474A2 /* Preview Assets.xcassets in Resources */ = {isa = PBXBuildFile; fileRef = C2C5B6682B9C000400F474A2 /* Preview Assets.xcassets */; };
		C2D867162BA099F70062900B /* Card.swift in Sources */ = {isa = PBXBuildFile; fileRef = C2D867152BA099F70062900B /* Card.swift */; };
		C2D867182BA09AC10062900B /* CardView.swift in Sources */ = {isa = PBXBuildFile; fileRef = C2D867172BA09AC10062900B /* CardView.swift */; };
		C2D8671A2BA09CA70062900B /* HomeView.swift in Sources */ = {isa = PBXBuildFile; fileRef = C2D867192BA09CA70062900B /* HomeView.swift */; };
/* End PBXBuildFile section */

/* Begin PBXFileReference section */
		C263F25F2B9C07B0007AF51E /* RotateGestureView.swift */ = {isa = PBXFileReference; lastKnownFileType = sourcecode.swift; path = RotateGestureView.swift; sourceTree = "<group>"; };
		C263F2612B9C07E7007AF51E /* MagnifyGestureView.swift */ = {isa = PBXFileReference; lastKnownFileType = sourcecode.swift; path = MagnifyGestureView.swift; sourceTree = "<group>"; };
		C263F2632B9C088B007AF51E /* MultipleGesturesView.swift */ = {isa = PBXFileReference; lastKnownFileType = sourcecode.swift; path = MultipleGesturesView.swift; sourceTree = "<group>"; };
		C263F2652B9C09EA007AF51E /* SequentialGesturesView.swift */ = {isa = PBXFileReference; lastKnownFileType = sourcecode.swift; path = SequentialGesturesView.swift; sourceTree = "<group>"; };
		C263F2672B9C0C81007AF51E /* HitTestingView.swift */ = {isa = PBXFileReference; lastKnownFileType = sourcecode.swift; path = HitTestingView.swift; sourceTree = "<group>"; };
		C263F4A72B9DBA48007AF51E /* TimerPublisherView.swift */ = {isa = PBXFileReference; lastKnownFileType = sourcecode.swift; path = TimerPublisherView.swift; sourceTree = "<group>"; };
		C263F4A92B9DBD36007AF51E /* BackgroundNotifierView.swift */ = {isa = PBXFileReference; lastKnownFileType = sourcecode.swift; path = BackgroundNotifierView.swift; sourceTree = "<group>"; };
		C263F4AB2B9DBF7C007AF51E /* AccessibilityNeedsView.swift */ = {isa = PBXFileReference; lastKnownFileType = sourcecode.swift; path = AccessibilityNeedsView.swift; sourceTree = "<group>"; };
		C2933F3B2BA5A1E400700BCE /* CardViewModel.swift */ = {isa = PBXFileReference; lastKnownFileType = sourcecode.swift; path = CardViewModel.swift; sourceTree = "<group>"; };
		C2BBE7D22BA2EDF800A30E3B /* EditCards.swift */ = {isa = PBXFileReference; lastKnownFileType = sourcecode.swift; path = EditCards.swift; sourceTree = "<group>"; };
		C2C5B65E2B9C000300F474A2 /* FlashZilla.app */ = {isa = PBXFileReference; explicitFileType = wrapper.application; includeInIndex = 0; path = FlashZilla.app; sourceTree = BUILT_PRODUCTS_DIR; };
		C2C5B6612B9C000300F474A2 /* FlashZillaApp.swift */ = {isa = PBXFileReference; lastKnownFileType = sourcecode.swift; path = FlashZillaApp.swift; sourceTree = "<group>"; };
		C2C5B6632B9C000300F474A2 /* CustomGestureView.swift */ = {isa = PBXFileReference; lastKnownFileType = sourcecode.swift; path = CustomGestureView.swift; sourceTree = "<group>"; };
		C2C5B6652B9C000400F474A2 /* Assets.xcassets */ = {isa = PBXFileReference; lastKnownFileType = folder.assetcatalog; path = Assets.xcassets; sourceTree = "<group>"; };
		C2C5B6682B9C000400F474A2 /* Preview Assets.xcassets */ = {isa = PBXFileReference; lastKnownFileType = folder.assetcatalog; path = "Preview Assets.xcassets"; sourceTree = "<group>"; };
		C2D867152BA099F70062900B /* Card.swift */ = {isa = PBXFileReference; lastKnownFileType = sourcecode.swift; path = Card.swift; sourceTree = "<group>"; };
		C2D867172BA09AC10062900B /* CardView.swift */ = {isa = PBXFileReference; lastKnownFileType = sourcecode.swift; path = CardView.swift; sourceTree = "<group>"; };
		C2D867192BA09CA70062900B /* HomeView.swift */ = {isa = PBXFileReference; lastKnownFileType = sourcecode.swift; path = HomeView.swift; sourceTree = "<group>"; };
/* End PBXFileReference section */

/* Begin PBXFrameworksBuildPhase section */
		C2C5B65B2B9C000300F474A2 /* Frameworks */ = {
			isa = PBXFrameworksBuildPhase;
			buildActionMask = 2147483647;
			files = (
			);
			runOnlyForDeploymentPostprocessing = 0;
		};
/* End PBXFrameworksBuildPhase section */

/* Begin PBXGroup section */
		C2C5B6552B9C000300F474A2 = {
			isa = PBXGroup;
			children = (
				C2C5B6602B9C000300F474A2 /* FlashZilla */,
				C2C5B65F2B9C000300F474A2 /* Products */,
			);
			sourceTree = "<group>";
		};
		C2C5B65F2B9C000300F474A2 /* Products */ = {
			isa = PBXGroup;
			children = (
				C2C5B65E2B9C000300F474A2 /* FlashZilla.app */,
			);
			name = Products;
			sourceTree = "<group>";
		};
		C2C5B6602B9C000300F474A2 /* FlashZilla */ = {
			isa = PBXGroup;
			children = (
				C2D867142BA099B70062900B /* FlashZilla */,
				C2C5B6612B9C000300F474A2 /* FlashZillaApp.swift */,
				C263F2652B9C09EA007AF51E /* SequentialGesturesView.swift */,
				C2C5B6632B9C000300F474A2 /* CustomGestureView.swift */,
				C2C5B6652B9C000400F474A2 /* Assets.xcassets */,
				C2C5B6672B9C000400F474A2 /* Preview Content */,
				C263F25F2B9C07B0007AF51E /* RotateGestureView.swift */,
				C263F2612B9C07E7007AF51E /* MagnifyGestureView.swift */,
				C263F2632B9C088B007AF51E /* MultipleGesturesView.swift */,
				C263F2672B9C0C81007AF51E /* HitTestingView.swift */,
				C263F4A72B9DBA48007AF51E /* TimerPublisherView.swift */,
				C263F4A92B9DBD36007AF51E /* BackgroundNotifierView.swift */,
				C263F4AB2B9DBF7C007AF51E /* AccessibilityNeedsView.swift */,
			);
			path = FlashZilla;
			sourceTree = "<group>";
		};
		C2C5B6672B9C000400F474A2 /* Preview Content */ = {
			isa = PBXGroup;
			children = (
				C2C5B6682B9C000400F474A2 /* Preview Assets.xcassets */,
			);
			path = "Preview Content";
			sourceTree = "<group>";
		};
		C2D867142BA099B70062900B /* FlashZilla */ = {
			isa = PBXGroup;
			children = (
				C2D867152BA099F70062900B /* Card.swift */,
				C2D867172BA09AC10062900B /* CardView.swift */,
				C2D867192BA09CA70062900B /* HomeView.swift */,
				C2BBE7D22BA2EDF800A30E3B /* EditCards.swift */,
				C2933F3B2BA5A1E400700BCE /* CardViewModel.swift */,
			);
			path = FlashZilla;
			sourceTree = "<group>";
		};
/* End PBXGroup section */

/* Begin PBXNativeTarget section */
		C2C5B65D2B9C000300F474A2 /* FlashZilla */ = {
			isa = PBXNativeTarget;
			buildConfigurationList = C2C5B66C2B9C000400F474A2 /* Build configuration list for PBXNativeTarget "FlashZilla" */;
			buildPhases = (
				C2C5B65A2B9C000300F474A2 /* Sources */,
				C2C5B65B2B9C000300F474A2 /* Frameworks */,
				C2C5B65C2B9C000300F474A2 /* Resources */,
			);
			buildRules = (
			);
			dependencies = (
			);
			name = FlashZilla;
			productName = FlashZilla;
			productReference = C2C5B65E2B9C000300F474A2 /* FlashZilla.app */;
			productType = "com.apple.product-type.application";
		};
/* End PBXNativeTarget section */

/* Begin PBXProject section */
		C2C5B6562B9C000300F474A2 /* Project object */ = {
			isa = PBXProject;
			attributes = {
				BuildIndependentTargetsInParallel = 1;
				LastSwiftUpdateCheck = 1520;
				LastUpgradeCheck = 1520;
				TargetAttributes = {
					C2C5B65D2B9C000300F474A2 = {
						CreatedOnToolsVersion = 15.2;
					};
				};
			};
			buildConfigurationList = C2C5B6592B9C000300F474A2 /* Build configuration list for PBXProject "FlashZilla" */;
			compatibilityVersion = "Xcode 14.0";
			developmentRegion = en;
			hasScannedForEncodings = 0;
			knownRegions = (
				en,
				Base,
			);
			mainGroup = C2C5B6552B9C000300F474A2;
			productRefGroup = C2C5B65F2B9C000300F474A2 /* Products */;
			projectDirPath = "";
			projectRoot = "";
			targets = (
				C2C5B65D2B9C000300F474A2 /* FlashZilla */,
			);
		};
/* End PBXProject section */

/* Begin PBXResourcesBuildPhase section */
		C2C5B65C2B9C000300F474A2 /* Resources */ = {
			isa = PBXResourcesBuildPhase;
			buildActionMask = 2147483647;
			files = (
				C2C5B6692B9C000400F474A2 /* Preview Assets.xcassets in Resources */,
				C2C5B6662B9C000400F474A2 /* Assets.xcassets in Resources */,
			);
			runOnlyForDeploymentPostprocessing = 0;
		};
/* End PBXResourcesBuildPhase section */

/* Begin PBXSourcesBuildPhase section */
		C2C5B65A2B9C000300F474A2 /* Sources */ = {
			isa = PBXSourcesBuildPhase;
			buildActionMask = 2147483647;
			files = (
				C263F2682B9C0C81007AF51E /* HitTestingView.swift in Sources */,
				C263F4AC2B9DBF7C007AF51E /* AccessibilityNeedsView.swift in Sources */,
				C2D8671A2BA09CA70062900B /* HomeView.swift in Sources */,
				C2BBE7D32BA2EDF800A30E3B /* EditCards.swift in Sources */,
				C263F4AA2B9DBD36007AF51E /* BackgroundNotifierView.swift in Sources */,
				C263F2622B9C07E7007AF51E /* MagnifyGestureView.swift in Sources */,
				C263F2662B9C09EA007AF51E /* SequentialGesturesView.swift in Sources */,
				C2C5B6642B9C000300F474A2 /* CustomGestureView.swift in Sources */,
				C2C5B6622B9C000300F474A2 /* FlashZillaApp.swift in Sources */,
				C263F4A82B9DBA48007AF51E /* TimerPublisherView.swift in Sources */,
				C263F2642B9C088B007AF51E /* MultipleGesturesView.swift in Sources */,
				C263F2602B9C07B0007AF51E /* RotateGestureView.swift in Sources */,
				C2D867182BA09AC10062900B /* CardView.swift in Sources */,
				C2D867162BA099F70062900B /* Card.swift in Sources */,
				C2933F3C2BA5A1E400700BCE /* CardViewModel.swift in Sources */,
			);
			runOnlyForDeploymentPostprocessing = 0;
		};
/* End PBXSourcesBuildPhase section */

/* Begin XCBuildConfiguration section */
		C2C5B66A2B9C000400F474A2 /* Debug */ = {
			isa = XCBuildConfiguration;
			buildSettings = {
				ALWAYS_SEARCH_USER_PATHS = NO;
				ASSETCATALOG_COMPILER_GENERATE_SWIFT_ASSET_SYMBOL_EXTENSIONS = YES;
				CLANG_ANALYZER_NONNULL = YES;
				CLANG_ANALYZER_NUMBER_OBJECT_CONVERSION = YES_AGGRESSIVE;
				CLANG_CXX_LANGUAGE_STANDARD = "gnu++20";
				CLANG_ENABLE_MODULES = YES;
				CLANG_ENABLE_OBJC_ARC = YES;
				CLANG_ENABLE_OBJC_WEAK = YES;
				CLANG_WARN_BLOCK_CAPTURE_AUTORELEASING = YES;
				CLANG_WARN_BOOL_CONVERSION = YES;
				CLANG_WARN_COMMA = YES;
				CLANG_WARN_CONSTANT_CONVERSION = YES;
				CLANG_WARN_DEPRECATED_OBJC_IMPLEMENTATIONS = YES;
				CLANG_WARN_DIRECT_OBJC_ISA_USAGE = YES_ERROR;
				CLANG_WARN_DOCUMENTATION_COMMENTS = YES;
				CLANG_WARN_EMPTY_BODY = YES;
				CLANG_WARN_ENUM_CONVERSION = YES;
				CLANG_WARN_INFINITE_RECURSION = YES;
				CLANG_WARN_INT_CONVERSION = YES;
				CLANG_WARN_NON_LITERAL_NULL_CONVERSION = YES;
				CLANG_WARN_OBJC_IMPLICIT_RETAIN_SELF = YES;
				CLANG_WARN_OBJC_LITERAL_CONVERSION = YES;
				CLANG_WARN_OBJC_ROOT_CLASS = YES_ERROR;
				CLANG_WARN_QUOTED_INCLUDE_IN_FRAMEWORK_HEADER = YES;
				CLANG_WARN_RANGE_LOOP_ANALYSIS = YES;
				CLANG_WARN_STRICT_PROTOTYPES = YES;
				CLANG_WARN_SUSPICIOUS_MOVE = YES;
				CLANG_WARN_UNGUARDED_AVAILABILITY = YES_AGGRESSIVE;
				CLANG_WARN_UNREACHABLE_CODE = YES;
				CLANG_WARN__DUPLICATE_METHOD_MATCH = YES;
				COPY_PHASE_STRIP = NO;
				DEBUG_INFORMATION_FORMAT = dwarf;
				ENABLE_STRICT_OBJC_MSGSEND = YES;
				ENABLE_TESTABILITY = YES;
				ENABLE_USER_SCRIPT_SANDBOXING = YES;
				GCC_C_LANGUAGE_STANDARD = gnu17;
				GCC_DYNAMIC_NO_PIC = NO;
				GCC_NO_COMMON_BLOCKS = YES;
				GCC_OPTIMIZATION_LEVEL = 0;
				GCC_PREPROCESSOR_DEFINITIONS = (
					"DEBUG=1",
					"$(inherited)",
				);
				GCC_WARN_64_TO_32_BIT_CONVERSION = YES;
				GCC_WARN_ABOUT_RETURN_TYPE = YES_ERROR;
				GCC_WARN_UNDECLARED_SELECTOR = YES;
				GCC_WARN_UNINITIALIZED_AUTOS = YES_AGGRESSIVE;
				GCC_WARN_UNUSED_FUNCTION = YES;
				GCC_WARN_UNUSED_VARIABLE = YES;
				IPHONEOS_DEPLOYMENT_TARGET = 17.2;
				LOCALIZATION_PREFERS_STRING_CATALOGS = YES;
				MTL_ENABLE_DEBUG_INFO = INCLUDE_SOURCE;
				MTL_FAST_MATH = YES;
				ONLY_ACTIVE_ARCH = YES;
				SDKROOT = iphoneos;
				SWIFT_ACTIVE_COMPILATION_CONDITIONS = "DEBUG $(inherited)";
				SWIFT_OPTIMIZATION_LEVEL = "-Onone";
			};
			name = Debug;
		};
		C2C5B66B2B9C000400F474A2 /* Release */ = {
			isa = XCBuildConfiguration;
			buildSettings = {
				ALWAYS_SEARCH_USER_PATHS = NO;
				ASSETCATALOG_COMPILER_GENERATE_SWIFT_ASSET_SYMBOL_EXTENSIONS = YES;
				CLANG_ANALYZER_NONNULL = YES;
				CLANG_ANALYZER_NUMBER_OBJECT_CONVERSION = YES_AGGRESSIVE;
				CLANG_CXX_LANGUAGE_STANDARD = "gnu++20";
				CLANG_ENABLE_MODULES = YES;
				CLANG_ENABLE_OBJC_ARC = YES;
				CLANG_ENABLE_OBJC_WEAK = YES;
				CLANG_WARN_BLOCK_CAPTURE_AUTORELEASING = YES;
				CLANG_WARN_BOOL_CONVERSION = YES;
				CLANG_WARN_COMMA = YES;
				CLANG_WARN_CONSTANT_CONVERSION = YES;
				CLANG_WARN_DEPRECATED_OBJC_IMPLEMENTATIONS = YES;
				CLANG_WARN_DIRECT_OBJC_ISA_USAGE = YES_ERROR;
				CLANG_WARN_DOCUMENTATION_COMMENTS = YES;
				CLANG_WARN_EMPTY_BODY = YES;
				CLANG_WARN_ENUM_CONVERSION = YES;
				CLANG_WARN_INFINITE_RECURSION = YES;
				CLANG_WARN_INT_CONVERSION = YES;
				CLANG_WARN_NON_LITERAL_NULL_CONVERSION = YES;
				CLANG_WARN_OBJC_IMPLICIT_RETAIN_SELF = YES;
				CLANG_WARN_OBJC_LITERAL_CONVERSION = YES;
				CLANG_WARN_OBJC_ROOT_CLASS = YES_ERROR;
				CLANG_WARN_QUOTED_INCLUDE_IN_FRAMEWORK_HEADER = YES;
				CLANG_WARN_RANGE_LOOP_ANALYSIS = YES;
				CLANG_WARN_STRICT_PROTOTYPES = YES;
				CLANG_WARN_SUSPICIOUS_MOVE = YES;
				CLANG_WARN_UNGUARDED_AVAILABILITY = YES_AGGRESSIVE;
				CLANG_WARN_UNREACHABLE_CODE = YES;
				CLANG_WARN__DUPLICATE_METHOD_MATCH = YES;
				COPY_PHASE_STRIP = NO;
				DEBUG_INFORMATION_FORMAT = "dwarf-with-dsym";
				ENABLE_NS_ASSERTIONS = NO;
				ENABLE_STRICT_OBJC_MSGSEND = YES;
				ENABLE_USER_SCRIPT_SANDBOXING = YES;
				GCC_C_LANGUAGE_STANDARD = gnu17;
				GCC_NO_COMMON_BLOCKS = YES;
				GCC_WARN_64_TO_32_BIT_CONVERSION = YES;
				GCC_WARN_ABOUT_RETURN_TYPE = YES_ERROR;
				GCC_WARN_UNDECLARED_SELECTOR = YES;
				GCC_WARN_UNINITIALIZED_AUTOS = YES_AGGRESSIVE;
				GCC_WARN_UNUSED_FUNCTION = YES;
				GCC_WARN_UNUSED_VARIABLE = YES;
				IPHONEOS_DEPLOYMENT_TARGET = 17.2;
				LOCALIZATION_PREFERS_STRING_CATALOGS = YES;
				MTL_ENABLE_DEBUG_INFO = NO;
				MTL_FAST_MATH = YES;
				SDKROOT = iphoneos;
				SWIFT_COMPILATION_MODE = wholemodule;
				VALIDATE_PRODUCT = YES;
			};
			name = Release;
		};
		C2C5B66D2B9C000400F474A2 /* Debug */ = {
			isa = XCBuildConfiguration;
			buildSettings = {
				ASSETCATALOG_COMPILER_APPICON_NAME = AppIcon;
				ASSETCATALOG_COMPILER_GLOBAL_ACCENT_COLOR_NAME = AccentColor;
				CODE_SIGN_STYLE = Automatic;
				CURRENT_PROJECT_VERSION = 1;
				DEVELOPMENT_ASSET_PATHS = "\"FlashZilla/Preview Content\"";
				DEVELOPMENT_TEAM = WJX4LW536A;
				ENABLE_PREVIEWS = YES;
				GENERATE_INFOPLIST_FILE = YES;
				INFOPLIST_KEY_UIApplicationSceneManifest_Generation = YES;
				INFOPLIST_KEY_UIApplicationSupportsIndirectInputEvents = YES;
				INFOPLIST_KEY_UILaunchScreen_Generation = YES;
				INFOPLIST_KEY_UISupportedInterfaceOrientations = "UIInterfaceOrientationLandscapeLeft UIInterfaceOrientationLandscapeRight";
				INFOPLIST_KEY_UISupportedInterfaceOrientations_iPad = "UIInterfaceOrientationLandscapeLeft UIInterfaceOrientationLandscapeRight UIInterfaceOrientationPortrait UIInterfaceOrientationPortraitUpsideDown";
				LD_RUNPATH_SEARCH_PATHS = (
					"$(inherited)",
					"@executable_path/Frameworks",
				);
				MARKETING_VERSION = 1.0;
				PRODUCT_BUNDLE_IDENTIFIER = com.learning.flashzilla.FlashZilla;
				PRODUCT_NAME = "$(TARGET_NAME)";
				SWIFT_EMIT_LOC_STRINGS = YES;
				SWIFT_VERSION = 5.0;
				TARGETED_DEVICE_FAMILY = "1,2";
			};
			name = Debug;
		};
		C2C5B66E2B9C000400F474A2 /* Release */ = {
			isa = XCBuildConfiguration;
			buildSettings = {
				ASSETCATALOG_COMPILER_APPICON_NAME = AppIcon;
				ASSETCATALOG_COMPILER_GLOBAL_ACCENT_COLOR_NAME = AccentColor;
				CODE_SIGN_STYLE = Automatic;
				CURRENT_PROJECT_VERSION = 1;
				DEVELOPMENT_ASSET_PATHS = "\"FlashZilla/Preview Content\"";
				DEVELOPMENT_TEAM = WJX4LW536A;
				ENABLE_PREVIEWS = YES;
				GENERATE_INFOPLIST_FILE = YES;
				INFOPLIST_KEY_UIApplicationSceneManifest_Generation = YES;
				INFOPLIST_KEY_UIApplicationSupportsIndirectInputEvents = YES;
				INFOPLIST_KEY_UILaunchScreen_Generation = YES;
				INFOPLIST_KEY_UISupportedInterfaceOrientations = "UIInterfaceOrientationLandscapeLeft UIInterfaceOrientationLandscapeRight";
				INFOPLIST_KEY_UISupportedInterfaceOrientations_iPad = "UIInterfaceOrientationLandscapeLeft UIInterfaceOrientationLandscapeRight UIInterfaceOrientationPortrait UIInterfaceOrientationPortraitUpsideDown";
				LD_RUNPATH_SEARCH_PATHS = (
					"$(inherited)",
					"@executable_path/Frameworks",
				);
				MARKETING_VERSION = 1.0;
				PRODUCT_BUNDLE_IDENTIFIER = com.learning.flashzilla.FlashZilla;
				PRODUCT_NAME = "$(TARGET_NAME)";
				SWIFT_EMIT_LOC_STRINGS = YES;
				SWIFT_VERSION = 5.0;
				TARGETED_DEVICE_FAMILY = "1,2";
			};
			name = Release;
		};
/* End XCBuildConfiguration section */

/* Begin XCConfigurationList section */
		C2C5B6592B9C000300F474A2 /* Build configuration list for PBXProject "FlashZilla" */ = {
			isa = XCConfigurationList;
			buildConfigurations = (
				C2C5B66A2B9C000400F474A2 /* Debug */,
				C2C5B66B2B9C000400F474A2 /* Release */,
			);
			defaultConfigurationIsVisible = 0;
			defaultConfigurationName = Release;
		};
		C2C5B66C2B9C000400F474A2 /* Build configuration list for PBXNativeTarget "FlashZilla" */ = {
			isa = XCConfigurationList;
			buildConfigurations = (
				C2C5B66D2B9C000400F474A2 /* Debug */,
				C2C5B66E2B9C000400F474A2 /* Release */,
			);
			defaultConfigurationIsVisible = 0;
			defaultConfigurationName = Release;
		};
/* End XCConfigurationList section */
	};
	rootObject = C2C5B6562B9C000300F474A2 /* Project object */;
}
