// !$*UTF8*$!
{
	archiveVersion = 1;
	classes = {
	};
	objectVersion = 56;
	objects = {

/* Begin PBXBuildFile section */
		C25EE87D2B2ACC05009B1384 /* JSONPracticeApp.swift in Sources */ = {isa = PBXBuildFile; fileRef = C25EE87C2B2ACC05009B1384 /* JSONPracticeApp.swift */; };
		C25EE87F2B2ACC05009B1384 /* UsersView.swift in Sources */ = {isa = PBXBuildFile; fileRef = C25EE87E2B2ACC05009B1384 /* UsersView.swift */; };
		C25EE8812B2ACC06009B1384 /* Assets.xcassets in Resources */ = {isa = PBXBuildFile; fileRef = C25EE8802B2ACC06009B1384 /* Assets.xcassets */; };
		C25EE8842B2ACC07009B1384 /* Preview Assets.xcassets in Resources */ = {isa = PBXBuildFile; fileRef = C25EE8832B2ACC07009B1384 /* Preview Assets.xcassets */; };
		C25EE88D2B2ACC2F009B1384 /* User.swift in Sources */ = {isa = PBXBuildFile; fileRef = C25EE88C2B2ACC2F009B1384 /* User.swift */; };
		C25EE88F2B2ACEFC009B1384 /* users.json in Resources */ = {isa = PBXBuildFile; fileRef = C25EE88E2B2ACEFC009B1384 /* users.json */; };
		C25EE8912B2AE311009B1384 /* Decoder.swift in Sources */ = {isa = PBXBuildFile; fileRef = C25EE8902B2AE311009B1384 /* Decoder.swift */; };
		C25EE8932B2AEC21009B1384 /* UserDetailsView.swift in Sources */ = {isa = PBXBuildFile; fileRef = C25EE8922B2AEC21009B1384 /* UserDetailsView.swift */; };
/* End PBXBuildFile section */

/* Begin PBXFileReference section */
		C25EE8792B2ACC05009B1384 /* JSONPractice.app */ = {isa = PBXFileReference; explicitFileType = wrapper.application; includeInIndex = 0; path = JSONPractice.app; sourceTree = BUILT_PRODUCTS_DIR; };
		C25EE87C2B2ACC05009B1384 /* JSONPracticeApp.swift */ = {isa = PBXFileReference; lastKnownFileType = sourcecode.swift; path = JSONPracticeApp.swift; sourceTree = "<group>"; };
		C25EE87E2B2ACC05009B1384 /* UsersView.swift */ = {isa = PBXFileReference; lastKnownFileType = sourcecode.swift; path = UsersView.swift; sourceTree = "<group>"; };
		C25EE8802B2ACC06009B1384 /* Assets.xcassets */ = {isa = PBXFileReference; lastKnownFileType = folder.assetcatalog; path = Assets.xcassets; sourceTree = "<group>"; };
		C25EE8832B2ACC07009B1384 /* Preview Assets.xcassets */ = {isa = PBXFileReference; lastKnownFileType = folder.assetcatalog; path = "Preview Assets.xcassets"; sourceTree = "<group>"; };
		C25EE88C2B2ACC2F009B1384 /* User.swift */ = {isa = PBXFileReference; lastKnownFileType = sourcecode.swift; path = User.swift; sourceTree = "<group>"; };
		C25EE88E2B2ACEFC009B1384 /* users.json */ = {isa = PBXFileReference; fileEncoding = 4; lastKnownFileType = text.json; path = users.json; sourceTree = "<group>"; };
		C25EE8902B2AE311009B1384 /* Decoder.swift */ = {isa = PBXFileReference; lastKnownFileType = sourcecode.swift; path = Decoder.swift; sourceTree = "<group>"; };
		C25EE8922B2AEC21009B1384 /* UserDetailsView.swift */ = {isa = PBXFileReference; lastKnownFileType = sourcecode.swift; path = UserDetailsView.swift; sourceTree = "<group>"; };
/* End PBXFileReference section */

/* Begin PBXFrameworksBuildPhase section */
		C25EE8762B2ACC05009B1384 /* Frameworks */ = {
			isa = PBXFrameworksBuildPhase;
			buildActionMask = 2147483647;
			files = (
			);
			runOnlyForDeploymentPostprocessing = 0;
		};
/* End PBXFrameworksBuildPhase section */

/* Begin PBXGroup section */
		C25EE8702B2ACC05009B1384 = {
			isa = PBXGroup;
			children = (
				C25EE87B2B2ACC05009B1384 /* JSONPractice */,
				C25EE87A2B2ACC05009B1384 /* Products */,
			);
			sourceTree = "<group>";
		};
		C25EE87A2B2ACC05009B1384 /* Products */ = {
			isa = PBXGroup;
			children = (
				C25EE8792B2ACC05009B1384 /* JSONPractice.app */,
			);
			name = Products;
			sourceTree = "<group>";
		};
		C25EE87B2B2ACC05009B1384 /* JSONPractice */ = {
			isa = PBXGroup;
			children = (
				C25EE8922B2AEC21009B1384 /* UserDetailsView.swift */,
				C25EE87C2B2ACC05009B1384 /* JSONPracticeApp.swift */,
				C25EE87E2B2ACC05009B1384 /* UsersView.swift */,
				C25EE8802B2ACC06009B1384 /* Assets.xcassets */,
				C25EE8822B2ACC07009B1384 /* Preview Content */,
				C25EE88C2B2ACC2F009B1384 /* User.swift */,
				C25EE88E2B2ACEFC009B1384 /* users.json */,
				C25EE8902B2AE311009B1384 /* Decoder.swift */,
			);
			path = JSONPractice;
			sourceTree = "<group>";
		};
		C25EE8822B2ACC07009B1384 /* Preview Content */ = {
			isa = PBXGroup;
			children = (
				C25EE8832B2ACC07009B1384 /* Preview Assets.xcassets */,
			);
			path = "Preview Content";
			sourceTree = "<group>";
		};
/* End PBXGroup section */

/* Begin PBXNativeTarget section */
		C25EE8782B2ACC05009B1384 /* JSONPractice */ = {
			isa = PBXNativeTarget;
			buildConfigurationList = C25EE8872B2ACC07009B1384 /* Build configuration list for PBXNativeTarget "JSONPractice" */;
			buildPhases = (
				C25EE8752B2ACC05009B1384 /* Sources */,
				C25EE8762B2ACC05009B1384 /* Frameworks */,
				C25EE8772B2ACC05009B1384 /* Resources */,
			);
			buildRules = (
			);
			dependencies = (
			);
			name = JSONPractice;
			productName = JSONPractice;
			productReference = C25EE8792B2ACC05009B1384 /* JSONPractice.app */;
			productType = "com.apple.product-type.application";
		};
/* End PBXNativeTarget section */

/* Begin PBXProject section */
		C25EE8712B2ACC05009B1384 /* Project object */ = {
			isa = PBXProject;
			attributes = {
				BuildIndependentTargetsInParallel = 1;
				LastSwiftUpdateCheck = 1510;
				LastUpgradeCheck = 1510;
				TargetAttributes = {
					C25EE8782B2ACC05009B1384 = {
						CreatedOnToolsVersion = 15.1;
					};
				};
			};
			buildConfigurationList = C25EE8742B2ACC05009B1384 /* Build configuration list for PBXProject "JSONPractice" */;
			compatibilityVersion = "Xcode 14.0";
			developmentRegion = en;
			hasScannedForEncodings = 0;
			knownRegions = (
				en,
				Base,
			);
			mainGroup = C25EE8702B2ACC05009B1384;
			productRefGroup = C25EE87A2B2ACC05009B1384 /* Products */;
			projectDirPath = "";
			projectRoot = "";
			targets = (
				C25EE8782B2ACC05009B1384 /* JSONPractice */,
			);
		};
/* End PBXProject section */

/* Begin PBXResourcesBuildPhase section */
		C25EE8772B2ACC05009B1384 /* Resources */ = {
			isa = PBXResourcesBuildPhase;
			buildActionMask = 2147483647;
			files = (
				C25EE88F2B2ACEFC009B1384 /* users.json in Resources */,
				C25EE8842B2ACC07009B1384 /* Preview Assets.xcassets in Resources */,
				C25EE8812B2ACC06009B1384 /* Assets.xcassets in Resources */,
			);
			runOnlyForDeploymentPostprocessing = 0;
		};
/* End PBXResourcesBuildPhase section */

/* Begin PBXSourcesBuildPhase section */
		C25EE8752B2ACC05009B1384 /* Sources */ = {
			isa = PBXSourcesBuildPhase;
			buildActionMask = 2147483647;
			files = (
				C25EE88D2B2ACC2F009B1384 /* User.swift in Sources */,
				C25EE87F2B2ACC05009B1384 /* UsersView.swift in Sources */,
				C25EE8932B2AEC21009B1384 /* UserDetailsView.swift in Sources */,
				C25EE8912B2AE311009B1384 /* Decoder.swift in Sources */,
				C25EE87D2B2ACC05009B1384 /* JSONPracticeApp.swift in Sources */,
			);
			runOnlyForDeploymentPostprocessing = 0;
		};
/* End PBXSourcesBuildPhase section */

/* Begin XCBuildConfiguration section */
		C25EE8852B2ACC07009B1384 /* Debug */ = {
			isa = XCBuildConfiguration;
			buildSettings = {
				ALWAYS_SEARCH_USER_PATHS = NO;
				ASSETCATALOG_COMPILER_GENERATE_SWIFT_ASSET_SYMBOL_EXTENSIONS = YES;
				CLANG_ANALYZER_NONNULL = YES;
				CLANG_ANALYZER_NUMBER_OBJECT_CONVERSION = YES_AGGRESSIVE;
				CLANG_CXX_LANGUAGE_STANDARD = "gnu++20";
				CLANG_ENABLE_MODULES = YES;
				CLANG_ENABLE_OBJC_ARC = YES;
				CLANG_ENABLE_OBJC_WEAK = YES;
				CLANG_WARN_BLOCK_CAPTURE_AUTORELEASING = YES;
				CLANG_WARN_BOOL_CONVERSION = YES;
				CLANG_WARN_COMMA = YES;
				CLANG_WARN_CONSTANT_CONVERSION = YES;
				CLANG_WARN_DEPRECATED_OBJC_IMPLEMENTATIONS = YES;
				CLANG_WARN_DIRECT_OBJC_ISA_USAGE = YES_ERROR;
				CLANG_WARN_DOCUMENTATION_COMMENTS = YES;
				CLANG_WARN_EMPTY_BODY = YES;
				CLANG_WARN_ENUM_CONVERSION = YES;
				CLANG_WARN_INFINITE_RECURSION = YES;
				CLANG_WARN_INT_CONVERSION = YES;
				CLANG_WARN_NON_LITERAL_NULL_CONVERSION = YES;
				CLANG_WARN_OBJC_IMPLICIT_RETAIN_SELF = YES;
				CLANG_WARN_OBJC_LITERAL_CONVERSION = YES;
				CLANG_WARN_OBJC_ROOT_CLASS = YES_ERROR;
				CLANG_WARN_QUOTED_INCLUDE_IN_FRAMEWORK_HEADER = YES;
				CLANG_WARN_RANGE_LOOP_ANALYSIS = YES;
				CLANG_WARN_STRICT_PROTOTYPES = YES;
				CLANG_WARN_SUSPICIOUS_MOVE = YES;
				CLANG_WARN_UNGUARDED_AVAILABILITY = YES_AGGRESSIVE;
				CLANG_WARN_UNREACHABLE_CODE = YES;
				CLANG_WARN__DUPLICATE_METHOD_MATCH = YES;
				COPY_PHASE_STRIP = NO;
				DEBUG_INFORMATION_FORMAT = dwarf;
				ENABLE_STRICT_OBJC_MSGSEND = YES;
				ENABLE_TESTABILITY = YES;
				ENABLE_USER_SCRIPT_SANDBOXING = YES;
				GCC_C_LANGUAGE_STANDARD = gnu17;
				GCC_DYNAMIC_NO_PIC = NO;
				GCC_NO_COMMON_BLOCKS = YES;
				GCC_OPTIMIZATION_LEVEL = 0;
				GCC_PREPROCESSOR_DEFINITIONS = (
					"DEBUG=1",
					"$(inherited)",
				);
				GCC_WARN_64_TO_32_BIT_CONVERSION = YES;
				GCC_WARN_ABOUT_RETURN_TYPE = YES_ERROR;
				GCC_WARN_UNDECLARED_SELECTOR = YES;
				GCC_WARN_UNINITIALIZED_AUTOS = YES_AGGRESSIVE;
				GCC_WARN_UNUSED_FUNCTION = YES;
				GCC_WARN_UNUSED_VARIABLE = YES;
				IPHONEOS_DEPLOYMENT_TARGET = 17.2;
				LOCALIZATION_PREFERS_STRING_CATALOGS = YES;
				MTL_ENABLE_DEBUG_INFO = INCLUDE_SOURCE;
				MTL_FAST_MATH = YES;
				ONLY_ACTIVE_ARCH = YES;
				SDKROOT = iphoneos;
				SWIFT_ACTIVE_COMPILATION_CONDITIONS = "DEBUG $(inherited)";
				SWIFT_OPTIMIZATION_LEVEL = "-Onone";
			};
			name = Debug;
		};
		C25EE8862B2ACC07009B1384 /* Release */ = {
			isa = XCBuildConfiguration;
			buildSettings = {
				ALWAYS_SEARCH_USER_PATHS = NO;
				ASSETCATALOG_COMPILER_GENERATE_SWIFT_ASSET_SYMBOL_EXTENSIONS = YES;
				CLANG_ANALYZER_NONNULL = YES;
				CLANG_ANALYZER_NUMBER_OBJECT_CONVERSION = YES_AGGRESSIVE;
				CLANG_CXX_LANGUAGE_STANDARD = "gnu++20";
				CLANG_ENABLE_MODULES = YES;
				CLANG_ENABLE_OBJC_ARC = YES;
				CLANG_ENABLE_OBJC_WEAK = YES;
				CLANG_WARN_BLOCK_CAPTURE_AUTORELEASING = YES;
				CLANG_WARN_BOOL_CONVERSION = YES;
				CLANG_WARN_COMMA = YES;
				CLANG_WARN_CONSTANT_CONVERSION = YES;
				CLANG_WARN_DEPRECATED_OBJC_IMPLEMENTATIONS = YES;
				CLANG_WARN_DIRECT_OBJC_ISA_USAGE = YES_ERROR;
				CLANG_WARN_DOCUMENTATION_COMMENTS = YES;
				CLANG_WARN_EMPTY_BODY = YES;
				CLANG_WARN_ENUM_CONVERSION = YES;
				CLANG_WARN_INFINITE_RECURSION = YES;
				CLANG_WARN_INT_CONVERSION = YES;
				CLANG_WARN_NON_LITERAL_NULL_CONVERSION = YES;
				CLANG_WARN_OBJC_IMPLICIT_RETAIN_SELF = YES;
				CLANG_WARN_OBJC_LITERAL_CONVERSION = YES;
				CLANG_WARN_OBJC_ROOT_CLASS = YES_ERROR;
				CLANG_WARN_QUOTED_INCLUDE_IN_FRAMEWORK_HEADER = YES;
				CLANG_WARN_RANGE_LOOP_ANALYSIS = YES;
				CLANG_WARN_STRICT_PROTOTYPES = YES;
				CLANG_WARN_SUSPICIOUS_MOVE = YES;
				CLANG_WARN_UNGUARDED_AVAILABILITY = YES_AGGRESSIVE;
				CLANG_WARN_UNREACHABLE_CODE = YES;
				CLANG_WARN__DUPLICATE_METHOD_MATCH = YES;
				COPY_PHASE_STRIP = NO;
				DEBUG_INFORMATION_FORMAT = "dwarf-with-dsym";
				ENABLE_NS_ASSERTIONS = NO;
				ENABLE_STRICT_OBJC_MSGSEND = YES;
				ENABLE_USER_SCRIPT_SANDBOXING = YES;
				GCC_C_LANGUAGE_STANDARD = gnu17;
				GCC_NO_COMMON_BLOCKS = YES;
				GCC_WARN_64_TO_32_BIT_CONVERSION = YES;
				GCC_WARN_ABOUT_RETURN_TYPE = YES_ERROR;
				GCC_WARN_UNDECLARED_SELECTOR = YES;
				GCC_WARN_UNINITIALIZED_AUTOS = YES_AGGRESSIVE;
				GCC_WARN_UNUSED_FUNCTION = YES;
				GCC_WARN_UNUSED_VARIABLE = YES;
				IPHONEOS_DEPLOYMENT_TARGET = 17.2;
				LOCALIZATION_PREFERS_STRING_CATALOGS = YES;
				MTL_ENABLE_DEBUG_INFO = NO;
				MTL_FAST_MATH = YES;
				SDKROOT = iphoneos;
				SWIFT_COMPILATION_MODE = wholemodule;
				VALIDATE_PRODUCT = YES;
			};
			name = Release;
		};
		C25EE8882B2ACC07009B1384 /* Debug */ = {
			isa = XCBuildConfiguration;
			buildSettings = {
				ASSETCATALOG_COMPILER_APPICON_NAME = AppIcon;
				ASSETCATALOG_COMPILER_GLOBAL_ACCENT_COLOR_NAME = AccentColor;
				CODE_SIGN_STYLE = Automatic;
				CURRENT_PROJECT_VERSION = 1;
				DEVELOPMENT_ASSET_PATHS = "\"JSONPractice/Preview Content\"";
				DEVELOPMENT_TEAM = WJX4LW536A;
				ENABLE_PREVIEWS = YES;
				GENERATE_INFOPLIST_FILE = YES;
				INFOPLIST_KEY_UIApplicationSceneManifest_Generation = YES;
				INFOPLIST_KEY_UIApplicationSupportsIndirectInputEvents = YES;
				INFOPLIST_KEY_UILaunchScreen_Generation = YES;
				INFOPLIST_KEY_UISupportedInterfaceOrientations_iPad = "UIInterfaceOrientationPortrait UIInterfaceOrientationPortraitUpsideDown UIInterfaceOrientationLandscapeLeft UIInterfaceOrientationLandscapeRight";
				INFOPLIST_KEY_UISupportedInterfaceOrientations_iPhone = "UIInterfaceOrientationPortrait UIInterfaceOrientationLandscapeLeft UIInterfaceOrientationLandscapeRight";
				IPHONEOS_DEPLOYMENT_TARGET = 16.6;
				LD_RUNPATH_SEARCH_PATHS = (
					"$(inherited)",
					"@executable_path/Frameworks",
				);
				MARKETING_VERSION = 1.0;
				PRODUCT_BUNDLE_IDENTIFIER = com.learning.JsonDataPractice.JSONPractice;
				PRODUCT_NAME = "$(TARGET_NAME)";
				SWIFT_EMIT_LOC_STRINGS = YES;
				SWIFT_VERSION = 5.0;
				TARGETED_DEVICE_FAMILY = "1,2";
			};
			name = Debug;
		};
		C25EE8892B2ACC07009B1384 /* Release */ = {
			isa = XCBuildConfiguration;
			buildSettings = {
				ASSETCATALOG_COMPILER_APPICON_NAME = AppIcon;
				ASSETCATALOG_COMPILER_GLOBAL_ACCENT_COLOR_NAME = AccentColor;
				CODE_SIGN_STYLE = Automatic;
				CURRENT_PROJECT_VERSION = 1;
				DEVELOPMENT_ASSET_PATHS = "\"JSONPractice/Preview Content\"";
				DEVELOPMENT_TEAM = WJX4LW536A;
				ENABLE_PREVIEWS = YES;
				GENERATE_INFOPLIST_FILE = YES;
				INFOPLIST_KEY_UIApplicationSceneManifest_Generation = YES;
				INFOPLIST_KEY_UIApplicationSupportsIndirectInputEvents = YES;
				INFOPLIST_KEY_UILaunchScreen_Generation = YES;
				INFOPLIST_KEY_UISupportedInterfaceOrientations_iPad = "UIInterfaceOrientationPortrait UIInterfaceOrientationPortraitUpsideDown UIInterfaceOrientationLandscapeLeft UIInterfaceOrientationLandscapeRight";
				INFOPLIST_KEY_UISupportedInterfaceOrientations_iPhone = "UIInterfaceOrientationPortrait UIInterfaceOrientationLandscapeLeft UIInterfaceOrientationLandscapeRight";
				IPHONEOS_DEPLOYMENT_TARGET = 16.6;
				LD_RUNPATH_SEARCH_PATHS = (
					"$(inherited)",
					"@executable_path/Frameworks",
				);
				MARKETING_VERSION = 1.0;
				PRODUCT_BUNDLE_IDENTIFIER = com.learning.JsonDataPractice.JSONPractice;
				PRODUCT_NAME = "$(TARGET_NAME)";
				SWIFT_EMIT_LOC_STRINGS = YES;
				SWIFT_VERSION = 5.0;
				TARGETED_DEVICE_FAMILY = "1,2";
			};
			name = Release;
		};
/* End XCBuildConfiguration section */

/* Begin XCConfigurationList section */
		C25EE8742B2ACC05009B1384 /* Build configuration list for PBXProject "JSONPractice" */ = {
			isa = XCConfigurationList;
			buildConfigurations = (
				C25EE8852B2ACC07009B1384 /* Debug */,
				C25EE8862B2ACC07009B1384 /* Release */,
			);
			defaultConfigurationIsVisible = 0;
			defaultConfigurationName = Release;
		};
		C25EE8872B2ACC07009B1384 /* Build configuration list for PBXNativeTarget "JSONPractice" */ = {
			isa = XCConfigurationList;
			buildConfigurations = (
				C25EE8882B2ACC07009B1384 /* Debug */,
				C25EE8892B2ACC07009B1384 /* Release */,
			);
			defaultConfigurationIsVisible = 0;
			defaultConfigurationName = Release;
		};
/* End XCConfigurationList section */
	};
	rootObject = C25EE8712B2ACC05009B1384 /* Project object */;
}
