// !$*UTF8*$!
{
	archiveVersion = 1;
	classes = {
	};
	objectVersion = 56;
	objects = {

/* Begin PBXBuildFile section */
		C2701B9E2BA6CA04002BEDEB /* LayoutAndGeometryApp.swift in Sources */ = {isa = PBXBuildFile; fileRef = C2701B9D2BA6CA04002BEDEB /* LayoutAndGeometryApp.swift */; };
		C2701BA02BA6CA04002BEDEB /* ContentView.swift in Sources */ = {isa = PBXBuildFile; fileRef = C2701B9F2BA6CA04002BEDEB /* ContentView.swift */; };
		C2701BA22BA6CA06002BEDEB /* Assets.xcassets in Resources */ = {isa = PBXBuildFile; fileRef = C2701BA12BA6CA06002BEDEB /* Assets.xcassets */; };
		C2701BA52BA6CA06002BEDEB /* Preview Assets.xcassets in Resources */ = {isa = PBXBuildFile; fileRef = C2701BA42BA6CA06002BEDEB /* Preview Assets.xcassets */; };
		C2701BAC2BA6DA75002BEDEB /* CustomisedAlignmentView.swift in Sources */ = {isa = PBXBuildFile; fileRef = C2701BAB2BA6DA75002BEDEB /* CustomisedAlignmentView.swift */; };
		C2701BAE2BA6DD9B002BEDEB /* CustomAlignmentGuideView.swift in Sources */ = {isa = PBXBuildFile; fileRef = C2701BAD2BA6DD9B002BEDEB /* CustomAlignmentGuideView.swift */; };
		C2701BB02BA6E332002BEDEB /* AbsolutePositioningView.swift in Sources */ = {isa = PBXBuildFile; fileRef = C2701BAF2BA6E332002BEDEB /* AbsolutePositioningView.swift */; };
		C2C4CE9E2BA95AAD00FF0A2F /* GeometryReaderView.swift in Sources */ = {isa = PBXBuildFile; fileRef = C2C4CE9D2BA95AAD00FF0A2F /* GeometryReaderView.swift */; };
		C2C4CEA02BA95EF900FF0A2F /* GeometryReaderCoordinatesView.swift in Sources */ = {isa = PBXBuildFile; fileRef = C2C4CE9F2BA95EF900FF0A2F /* GeometryReaderCoordinatesView.swift */; };
		C2C4CEA22BA967EE00FF0A2F /* GeometryReaderEffectsView.swift in Sources */ = {isa = PBXBuildFile; fileRef = C2C4CEA12BA967EE00FF0A2F /* GeometryReaderEffectsView.swift */; };
		C2C4CEA42BA96BFC00FF0A2F /* CoverStyleScrollView.swift in Sources */ = {isa = PBXBuildFile; fileRef = C2C4CEA32BA96BFC00FF0A2F /* CoverStyleScrollView.swift */; };
		C2C4CEA62BA96F0C00FF0A2F /* VisualEffectView.swift in Sources */ = {isa = PBXBuildFile; fileRef = C2C4CEA52BA96F0C00FF0A2F /* VisualEffectView.swift */; };
		C2DAC5912BAADD0600B965D1 /* ChallengeView.swift in Sources */ = {isa = PBXBuildFile; fileRef = C2DAC5902BAADD0600B965D1 /* ChallengeView.swift */; };
/* End PBXBuildFile section */

/* Begin PBXFileReference section */
		C2701B9A2BA6CA04002BEDEB /* LayoutAndGeometry.app */ = {isa = PBXFileReference; explicitFileType = wrapper.application; includeInIndex = 0; path = LayoutAndGeometry.app; sourceTree = BUILT_PRODUCTS_DIR; };
		C2701B9D2BA6CA04002BEDEB /* LayoutAndGeometryApp.swift */ = {isa = PBXFileReference; lastKnownFileType = sourcecode.swift; path = LayoutAndGeometryApp.swift; sourceTree = "<group>"; };
		C2701B9F2BA6CA04002BEDEB /* ContentView.swift */ = {isa = PBXFileReference; lastKnownFileType = sourcecode.swift; path = ContentView.swift; sourceTree = "<group>"; };
		C2701BA12BA6CA06002BEDEB /* Assets.xcassets */ = {isa = PBXFileReference; lastKnownFileType = folder.assetcatalog; path = Assets.xcassets; sourceTree = "<group>"; };
		C2701BA42BA6CA06002BEDEB /* Preview Assets.xcassets */ = {isa = PBXFileReference; lastKnownFileType = folder.assetcatalog; path = "Preview Assets.xcassets"; sourceTree = "<group>"; };
		C2701BAB2BA6DA75002BEDEB /* CustomisedAlignmentView.swift */ = {isa = PBXFileReference; lastKnownFileType = sourcecode.swift; path = CustomisedAlignmentView.swift; sourceTree = "<group>"; };
		C2701BAD2BA6DD9B002BEDEB /* CustomAlignmentGuideView.swift */ = {isa = PBXFileReference; lastKnownFileType = sourcecode.swift; path = CustomAlignmentGuideView.swift; sourceTree = "<group>"; };
		C2701BAF2BA6E332002BEDEB /* AbsolutePositioningView.swift */ = {isa = PBXFileReference; lastKnownFileType = sourcecode.swift; path = AbsolutePositioningView.swift; sourceTree = "<group>"; };
		C2C4CE9D2BA95AAD00FF0A2F /* GeometryReaderView.swift */ = {isa = PBXFileReference; lastKnownFileType = sourcecode.swift; path = GeometryReaderView.swift; sourceTree = "<group>"; };
		C2C4CE9F2BA95EF900FF0A2F /* GeometryReaderCoordinatesView.swift */ = {isa = PBXFileReference; lastKnownFileType = sourcecode.swift; path = GeometryReaderCoordinatesView.swift; sourceTree = "<group>"; };
		C2C4CEA12BA967EE00FF0A2F /* GeometryReaderEffectsView.swift */ = {isa = PBXFileReference; lastKnownFileType = sourcecode.swift; path = GeometryReaderEffectsView.swift; sourceTree = "<group>"; };
		C2C4CEA32BA96BFC00FF0A2F /* CoverStyleScrollView.swift */ = {isa = PBXFileReference; lastKnownFileType = sourcecode.swift; path = CoverStyleScrollView.swift; sourceTree = "<group>"; };
		C2C4CEA52BA96F0C00FF0A2F /* VisualEffectView.swift */ = {isa = PBXFileReference; lastKnownFileType = sourcecode.swift; path = VisualEffectView.swift; sourceTree = "<group>"; };
		C2DAC5902BAADD0600B965D1 /* ChallengeView.swift */ = {isa = PBXFileReference; lastKnownFileType = sourcecode.swift; path = ChallengeView.swift; sourceTree = "<group>"; };
/* End PBXFileReference section */

/* Begin PBXFrameworksBuildPhase section */
		C2701B972BA6CA04002BEDEB /* Frameworks */ = {
			isa = PBXFrameworksBuildPhase;
			buildActionMask = 2147483647;
			files = (
			);
			runOnlyForDeploymentPostprocessing = 0;
		};
/* End PBXFrameworksBuildPhase section */

/* Begin PBXGroup section */
		C2701B912BA6CA04002BEDEB = {
			isa = PBXGroup;
			children = (
				C2701B9C2BA6CA04002BEDEB /* LayoutAndGeometry */,
				C2701B9B2BA6CA04002BEDEB /* Products */,
			);
			sourceTree = "<group>";
		};
		C2701B9B2BA6CA04002BEDEB /* Products */ = {
			isa = PBXGroup;
			children = (
				C2701B9A2BA6CA04002BEDEB /* LayoutAndGeometry.app */,
			);
			name = Products;
			sourceTree = "<group>";
		};
		C2701B9C2BA6CA04002BEDEB /* LayoutAndGeometry */ = {
			isa = PBXGroup;
			children = (
				C2701B9D2BA6CA04002BEDEB /* LayoutAndGeometryApp.swift */,
				C2701BAD2BA6DD9B002BEDEB /* CustomAlignmentGuideView.swift */,
				C2701B9F2BA6CA04002BEDEB /* ContentView.swift */,
				C2701BA12BA6CA06002BEDEB /* Assets.xcassets */,
				C2701BA32BA6CA06002BEDEB /* Preview Content */,
				C2701BAB2BA6DA75002BEDEB /* CustomisedAlignmentView.swift */,
				C2701BAF2BA6E332002BEDEB /* AbsolutePositioningView.swift */,
				C2C4CE9D2BA95AAD00FF0A2F /* GeometryReaderView.swift */,
				C2C4CE9F2BA95EF900FF0A2F /* GeometryReaderCoordinatesView.swift */,
				C2C4CEA12BA967EE00FF0A2F /* GeometryReaderEffectsView.swift */,
				C2C4CEA32BA96BFC00FF0A2F /* CoverStyleScrollView.swift */,
				C2C4CEA52BA96F0C00FF0A2F /* VisualEffectView.swift */,
				C2DAC5902BAADD0600B965D1 /* ChallengeView.swift */,
			);
			path = LayoutAndGeometry;
			sourceTree = "<group>";
		};
		C2701BA32BA6CA06002BEDEB /* Preview Content */ = {
			isa = PBXGroup;
			children = (
				C2701BA42BA6CA06002BEDEB /* Preview Assets.xcassets */,
			);
			path = "Preview Content";
			sourceTree = "<group>";
		};
/* End PBXGroup section */

/* Begin PBXNativeTarget section */
		C2701B992BA6CA04002BEDEB /* LayoutAndGeometry */ = {
			isa = PBXNativeTarget;
			buildConfigurationList = C2701BA82BA6CA06002BEDEB /* Build configuration list for PBXNativeTarget "LayoutAndGeometry" */;
			buildPhases = (
				C2701B962BA6CA04002BEDEB /* Sources */,
				C2701B972BA6CA04002BEDEB /* Frameworks */,
				C2701B982BA6CA04002BEDEB /* Resources */,
			);
			buildRules = (
			);
			dependencies = (
			);
			name = LayoutAndGeometry;
			productName = LayoutAndGeometry;
			productReference = C2701B9A2BA6CA04002BEDEB /* LayoutAndGeometry.app */;
			productType = "com.apple.product-type.application";
		};
/* End PBXNativeTarget section */

/* Begin PBXProject section */
		C2701B922BA6CA04002BEDEB /* Project object */ = {
			isa = PBXProject;
			attributes = {
				BuildIndependentTargetsInParallel = 1;
				LastSwiftUpdateCheck = 1530;
				LastUpgradeCheck = 1530;
				TargetAttributes = {
					C2701B992BA6CA04002BEDEB = {
						CreatedOnToolsVersion = 15.3;
					};
				};
			};
			buildConfigurationList = C2701B952BA6CA04002BEDEB /* Build configuration list for PBXProject "LayoutAndGeometry" */;
			compatibilityVersion = "Xcode 14.0";
			developmentRegion = en;
			hasScannedForEncodings = 0;
			knownRegions = (
				en,
				Base,
			);
			mainGroup = C2701B912BA6CA04002BEDEB;
			productRefGroup = C2701B9B2BA6CA04002BEDEB /* Products */;
			projectDirPath = "";
			projectRoot = "";
			targets = (
				C2701B992BA6CA04002BEDEB /* LayoutAndGeometry */,
			);
		};
/* End PBXProject section */

/* Begin PBXResourcesBuildPhase section */
		C2701B982BA6CA04002BEDEB /* Resources */ = {
			isa = PBXResourcesBuildPhase;
			buildActionMask = 2147483647;
			files = (
				C2701BA52BA6CA06002BEDEB /* Preview Assets.xcassets in Resources */,
				C2701BA22BA6CA06002BEDEB /* Assets.xcassets in Resources */,
			);
			runOnlyForDeploymentPostprocessing = 0;
		};
/* End PBXResourcesBuildPhase section */

/* Begin PBXSourcesBuildPhase section */
		C2701B962BA6CA04002BEDEB /* Sources */ = {
			isa = PBXSourcesBuildPhase;
			buildActionMask = 2147483647;
			files = (
				C2701BAE2BA6DD9B002BEDEB /* CustomAlignmentGuideView.swift in Sources */,
				C2C4CEA02BA95EF900FF0A2F /* GeometryReaderCoordinatesView.swift in Sources */,
				C2701BA02BA6CA04002BEDEB /* ContentView.swift in Sources */,
				C2DAC5912BAADD0600B965D1 /* ChallengeView.swift in Sources */,
				C2701BAC2BA6DA75002BEDEB /* CustomisedAlignmentView.swift in Sources */,
				C2C4CEA22BA967EE00FF0A2F /* GeometryReaderEffectsView.swift in Sources */,
				C2C4CEA62BA96F0C00FF0A2F /* VisualEffectView.swift in Sources */,
				C2701BB02BA6E332002BEDEB /* AbsolutePositioningView.swift in Sources */,
				C2701B9E2BA6CA04002BEDEB /* LayoutAndGeometryApp.swift in Sources */,
				C2C4CE9E2BA95AAD00FF0A2F /* GeometryReaderView.swift in Sources */,
				C2C4CEA42BA96BFC00FF0A2F /* CoverStyleScrollView.swift in Sources */,
			);
			runOnlyForDeploymentPostprocessing = 0;
		};
/* End PBXSourcesBuildPhase section */

/* Begin XCBuildConfiguration section */
		C2701BA62BA6CA06002BEDEB /* Debug */ = {
			isa = XCBuildConfiguration;
			buildSettings = {
				ALWAYS_SEARCH_USER_PATHS = NO;
				ASSETCATALOG_COMPILER_GENERATE_SWIFT_ASSET_SYMBOL_EXTENSIONS = YES;
				CLANG_ANALYZER_NONNULL = YES;
				CLANG_ANALYZER_NUMBER_OBJECT_CONVERSION = YES_AGGRESSIVE;
				CLANG_CXX_LANGUAGE_STANDARD = "gnu++20";
				CLANG_ENABLE_MODULES = YES;
				CLANG_ENABLE_OBJC_ARC = YES;
				CLANG_ENABLE_OBJC_WEAK = YES;
				CLANG_WARN_BLOCK_CAPTURE_AUTORELEASING = YES;
				CLANG_WARN_BOOL_CONVERSION = YES;
				CLANG_WARN_COMMA = YES;
				CLANG_WARN_CONSTANT_CONVERSION = YES;
				CLANG_WARN_DEPRECATED_OBJC_IMPLEMENTATIONS = YES;
				CLANG_WARN_DIRECT_OBJC_ISA_USAGE = YES_ERROR;
				CLANG_WARN_DOCUMENTATION_COMMENTS = YES;
				CLANG_WARN_EMPTY_BODY = YES;
				CLANG_WARN_ENUM_CONVERSION = YES;
				CLANG_WARN_INFINITE_RECURSION = YES;
				CLANG_WARN_INT_CONVERSION = YES;
				CLANG_WARN_NON_LITERAL_NULL_CONVERSION = YES;
				CLANG_WARN_OBJC_IMPLICIT_RETAIN_SELF = YES;
				CLANG_WARN_OBJC_LITERAL_CONVERSION = YES;
				CLANG_WARN_OBJC_ROOT_CLASS = YES_ERROR;
				CLANG_WARN_QUOTED_INCLUDE_IN_FRAMEWORK_HEADER = YES;
				CLANG_WARN_RANGE_LOOP_ANALYSIS = YES;
				CLANG_WARN_STRICT_PROTOTYPES = YES;
				CLANG_WARN_SUSPICIOUS_MOVE = YES;
				CLANG_WARN_UNGUARDED_AVAILABILITY = YES_AGGRESSIVE;
				CLANG_WARN_UNREACHABLE_CODE = YES;
				CLANG_WARN__DUPLICATE_METHOD_MATCH = YES;
				COPY_PHASE_STRIP = NO;
				DEBUG_INFORMATION_FORMAT = dwarf;
				ENABLE_STRICT_OBJC_MSGSEND = YES;
				ENABLE_TESTABILITY = YES;
				ENABLE_USER_SCRIPT_SANDBOXING = YES;
				GCC_C_LANGUAGE_STANDARD = gnu17;
				GCC_DYNAMIC_NO_PIC = NO;
				GCC_NO_COMMON_BLOCKS = YES;
				GCC_OPTIMIZATION_LEVEL = 0;
				GCC_PREPROCESSOR_DEFINITIONS = (
					"DEBUG=1",
					"$(inherited)",
				);
				GCC_WARN_64_TO_32_BIT_CONVERSION = YES;
				GCC_WARN_ABOUT_RETURN_TYPE = YES_ERROR;
				GCC_WARN_UNDECLARED_SELECTOR = YES;
				GCC_WARN_UNINITIALIZED_AUTOS = YES_AGGRESSIVE;
				GCC_WARN_UNUSED_FUNCTION = YES;
				GCC_WARN_UNUSED_VARIABLE = YES;
				IPHONEOS_DEPLOYMENT_TARGET = 17.4;
				LOCALIZATION_PREFERS_STRING_CATALOGS = YES;
				MTL_ENABLE_DEBUG_INFO = INCLUDE_SOURCE;
				MTL_FAST_MATH = YES;
				ONLY_ACTIVE_ARCH = YES;
				SDKROOT = iphoneos;
				SWIFT_ACTIVE_COMPILATION_CONDITIONS = "DEBUG $(inherited)";
				SWIFT_OPTIMIZATION_LEVEL = "-Onone";
			};
			name = Debug;
		};
		C2701BA72BA6CA06002BEDEB /* Release */ = {
			isa = XCBuildConfiguration;
			buildSettings = {
				ALWAYS_SEARCH_USER_PATHS = NO;
				ASSETCATALOG_COMPILER_GENERATE_SWIFT_ASSET_SYMBOL_EXTENSIONS = YES;
				CLANG_ANALYZER_NONNULL = YES;
				CLANG_ANALYZER_NUMBER_OBJECT_CONVERSION = YES_AGGRESSIVE;
				CLANG_CXX_LANGUAGE_STANDARD = "gnu++20";
				CLANG_ENABLE_MODULES = YES;
				CLANG_ENABLE_OBJC_ARC = YES;
				CLANG_ENABLE_OBJC_WEAK = YES;
				CLANG_WARN_BLOCK_CAPTURE_AUTORELEASING = YES;
				CLANG_WARN_BOOL_CONVERSION = YES;
				CLANG_WARN_COMMA = YES;
				CLANG_WARN_CONSTANT_CONVERSION = YES;
				CLANG_WARN_DEPRECATED_OBJC_IMPLEMENTATIONS = YES;
				CLANG_WARN_DIRECT_OBJC_ISA_USAGE = YES_ERROR;
				CLANG_WARN_DOCUMENTATION_COMMENTS = YES;
				CLANG_WARN_EMPTY_BODY = YES;
				CLANG_WARN_ENUM_CONVERSION = YES;
				CLANG_WARN_INFINITE_RECURSION = YES;
				CLANG_WARN_INT_CONVERSION = YES;
				CLANG_WARN_NON_LITERAL_NULL_CONVERSION = YES;
				CLANG_WARN_OBJC_IMPLICIT_RETAIN_SELF = YES;
				CLANG_WARN_OBJC_LITERAL_CONVERSION = YES;
				CLANG_WARN_OBJC_ROOT_CLASS = YES_ERROR;
				CLANG_WARN_QUOTED_INCLUDE_IN_FRAMEWORK_HEADER = YES;
				CLANG_WARN_RANGE_LOOP_ANALYSIS = YES;
				CLANG_WARN_STRICT_PROTOTYPES = YES;
				CLANG_WARN_SUSPICIOUS_MOVE = YES;
				CLANG_WARN_UNGUARDED_AVAILABILITY = YES_AGGRESSIVE;
				CLANG_WARN_UNREACHABLE_CODE = YES;
				CLANG_WARN__DUPLICATE_METHOD_MATCH = YES;
				COPY_PHASE_STRIP = NO;
				DEBUG_INFORMATION_FORMAT = "dwarf-with-dsym";
				ENABLE_NS_ASSERTIONS = NO;
				ENABLE_STRICT_OBJC_MSGSEND = YES;
				ENABLE_USER_SCRIPT_SANDBOXING = YES;
				GCC_C_LANGUAGE_STANDARD = gnu17;
				GCC_NO_COMMON_BLOCKS = YES;
				GCC_WARN_64_TO_32_BIT_CONVERSION = YES;
				GCC_WARN_ABOUT_RETURN_TYPE = YES_ERROR;
				GCC_WARN_UNDECLARED_SELECTOR = YES;
				GCC_WARN_UNINITIALIZED_AUTOS = YES_AGGRESSIVE;
				GCC_WARN_UNUSED_FUNCTION = YES;
				GCC_WARN_UNUSED_VARIABLE = YES;
				IPHONEOS_DEPLOYMENT_TARGET = 17.4;
				LOCALIZATION_PREFERS_STRING_CATALOGS = YES;
				MTL_ENABLE_DEBUG_INFO = NO;
				MTL_FAST_MATH = YES;
				SDKROOT = iphoneos;
				SWIFT_COMPILATION_MODE = wholemodule;
				VALIDATE_PRODUCT = YES;
			};
			name = Release;
		};
		C2701BA92BA6CA06002BEDEB /* Debug */ = {
			isa = XCBuildConfiguration;
			buildSettings = {
				ASSETCATALOG_COMPILER_APPICON_NAME = AppIcon;
				ASSETCATALOG_COMPILER_GLOBAL_ACCENT_COLOR_NAME = AccentColor;
				CODE_SIGN_STYLE = Automatic;
				CURRENT_PROJECT_VERSION = 1;
				DEVELOPMENT_ASSET_PATHS = "\"LayoutAndGeometry/Preview Content\"";
				DEVELOPMENT_TEAM = WJX4LW536A;
				ENABLE_PREVIEWS = YES;
				GENERATE_INFOPLIST_FILE = YES;
				INFOPLIST_KEY_UIApplicationSceneManifest_Generation = YES;
				INFOPLIST_KEY_UIApplicationSupportsIndirectInputEvents = YES;
				INFOPLIST_KEY_UILaunchScreen_Generation = YES;
				INFOPLIST_KEY_UISupportedInterfaceOrientations_iPad = "UIInterfaceOrientationPortrait UIInterfaceOrientationPortraitUpsideDown UIInterfaceOrientationLandscapeLeft UIInterfaceOrientationLandscapeRight";
				INFOPLIST_KEY_UISupportedInterfaceOrientations_iPhone = "UIInterfaceOrientationPortrait UIInterfaceOrientationLandscapeLeft UIInterfaceOrientationLandscapeRight";
				LD_RUNPATH_SEARCH_PATHS = (
					"$(inherited)",
					"@executable_path/Frameworks",
				);
				MARKETING_VERSION = 1.0;
				PRODUCT_BUNDLE_IDENTIFIER = com.learning.layoutandgeometry.LayoutAndGeometry;
				PRODUCT_NAME = "$(TARGET_NAME)";
				SWIFT_EMIT_LOC_STRINGS = YES;
				SWIFT_VERSION = 5.0;
				TARGETED_DEVICE_FAMILY = "1,2";
			};
			name = Debug;
		};
		C2701BAA2BA6CA06002BEDEB /* Release */ = {
			isa = XCBuildConfiguration;
			buildSettings = {
				ASSETCATALOG_COMPILER_APPICON_NAME = AppIcon;
				ASSETCATALOG_COMPILER_GLOBAL_ACCENT_COLOR_NAME = AccentColor;
				CODE_SIGN_STYLE = Automatic;
				CURRENT_PROJECT_VERSION = 1;
				DEVELOPMENT_ASSET_PATHS = "\"LayoutAndGeometry/Preview Content\"";
				DEVELOPMENT_TEAM = WJX4LW536A;
				ENABLE_PREVIEWS = YES;
				GENERATE_INFOPLIST_FILE = YES;
				INFOPLIST_KEY_UIApplicationSceneManifest_Generation = YES;
				INFOPLIST_KEY_UIApplicationSupportsIndirectInputEvents = YES;
				INFOPLIST_KEY_UILaunchScreen_Generation = YES;
				INFOPLIST_KEY_UISupportedInterfaceOrientations_iPad = "UIInterfaceOrientationPortrait UIInterfaceOrientationPortraitUpsideDown UIInterfaceOrientationLandscapeLeft UIInterfaceOrientationLandscapeRight";
				INFOPLIST_KEY_UISupportedInterfaceOrientations_iPhone = "UIInterfaceOrientationPortrait UIInterfaceOrientationLandscapeLeft UIInterfaceOrientationLandscapeRight";
				LD_RUNPATH_SEARCH_PATHS = (
					"$(inherited)",
					"@executable_path/Frameworks",
				);
				MARKETING_VERSION = 1.0;
				PRODUCT_BUNDLE_IDENTIFIER = com.learning.layoutandgeometry.LayoutAndGeometry;
				PRODUCT_NAME = "$(TARGET_NAME)";
				SWIFT_EMIT_LOC_STRINGS = YES;
				SWIFT_VERSION = 5.0;
				TARGETED_DEVICE_FAMILY = "1,2";
			};
			name = Release;
		};
/* End XCBuildConfiguration section */

/* Begin XCConfigurationList section */
		C2701B952BA6CA04002BEDEB /* Build configuration list for PBXProject "LayoutAndGeometry" */ = {
			isa = XCConfigurationList;
			buildConfigurations = (
				C2701BA62BA6CA06002BEDEB /* Debug */,
				C2701BA72BA6CA06002BEDEB /* Release */,
			);
			defaultConfigurationIsVisible = 0;
			defaultConfigurationName = Release;
		};
		C2701BA82BA6CA06002BEDEB /* Build configuration list for PBXNativeTarget "LayoutAndGeometry" */ = {
			isa = XCConfigurationList;
			buildConfigurations = (
				C2701BA92BA6CA06002BEDEB /* Debug */,
				C2701BAA2BA6CA06002BEDEB /* Release */,
			);
			defaultConfigurationIsVisible = 0;
			defaultConfigurationName = Release;
		};
/* End XCConfigurationList section */
	};
	rootObject = C2701B922BA6CA04002BEDEB /* Project object */;
}
