// !$*UTF8*$!
{
	archiveVersion = 1;
	classes = {
	};
	objectVersion = 56;
	objects = {

/* Begin PBXBuildFile section */
		C246CC0A2B69F459004E745A /* CustomSegmentedPicker.swift in Sources */ = {isa = PBXBuildFile; fileRef = C246CC092B69F459004E745A /* CustomSegmentedPicker.swift */; };
		C26571E12B43D1E60069B4D9 /* UIClonesApp.swift in Sources */ = {isa = PBXBuildFile; fileRef = C26571E02B43D1E60069B4D9 /* UIClonesApp.swift */; };
		C26571E32B43D1E60069B4D9 /* QuikAppOTAInstallingView.swift in Sources */ = {isa = PBXBuildFile; fileRef = C26571E22B43D1E60069B4D9 /* QuikAppOTAInstallingView.swift */; };
		C26571E52B43D1E80069B4D9 /* Assets.xcassets in Resources */ = {isa = PBXBuildFile; fileRef = C26571E42B43D1E80069B4D9 /* Assets.xcassets */; };
		C26571E82B43D1E80069B4D9 /* Preview Assets.xcassets in Resources */ = {isa = PBXBuildFile; fileRef = C26571E72B43D1E80069B4D9 /* Preview Assets.xcassets */; };
		C26571EF2B43D4580069B4D9 /* RGBColors.swift in Sources */ = {isa = PBXBuildFile; fileRef = C26571EE2B43D4580069B4D9 /* RGBColors.swift */; };
		C2AC76492B6A4144009BBF50 /* ProgressorView.swift in Sources */ = {isa = PBXBuildFile; fileRef = C2AC76482B6A4144009BBF50 /* ProgressorView.swift */; };
		C2BBE7D12BA1F89200A30E3B /* ItemDescription.swift in Sources */ = {isa = PBXBuildFile; fileRef = C2BBE7D02BA1F89200A30E3B /* ItemDescription.swift */; };
		C2D3F56D2B68AFBB004DB0E8 /* CustomSwitch.swift in Sources */ = {isa = PBXBuildFile; fileRef = C2D3F56C2B68AFBB004DB0E8 /* CustomSwitch.swift */; };
		C2DAC5942BABF72700B965D1 /* ContentView.swift in Sources */ = {isa = PBXBuildFile; fileRef = C2DAC5932BABF72700B965D1 /* ContentView.swift */; };
		C2DAC5962BABF9C800B965D1 /* AddRobotView.swift in Sources */ = {isa = PBXBuildFile; fileRef = C2DAC5952BABF9C800B965D1 /* AddRobotView.swift */; };
/* End PBXBuildFile section */

/* Begin PBXFileReference section */
		C246CC092B69F459004E745A /* CustomSegmentedPicker.swift */ = {isa = PBXFileReference; lastKnownFileType = sourcecode.swift; path = CustomSegmentedPicker.swift; sourceTree = "<group>"; };
		C26571DD2B43D1E60069B4D9 /* UIClones.app */ = {isa = PBXFileReference; explicitFileType = wrapper.application; includeInIndex = 0; path = UIClones.app; sourceTree = BUILT_PRODUCTS_DIR; };
		C26571E02B43D1E60069B4D9 /* UIClonesApp.swift */ = {isa = PBXFileReference; lastKnownFileType = sourcecode.swift; path = UIClonesApp.swift; sourceTree = "<group>"; };
		C26571E22B43D1E60069B4D9 /* QuikAppOTAInstallingView.swift */ = {isa = PBXFileReference; lastKnownFileType = sourcecode.swift; path = QuikAppOTAInstallingView.swift; sourceTree = "<group>"; };
		C26571E42B43D1E80069B4D9 /* Assets.xcassets */ = {isa = PBXFileReference; lastKnownFileType = folder.assetcatalog; path = Assets.xcassets; sourceTree = "<group>"; };
		C26571E72B43D1E80069B4D9 /* Preview Assets.xcassets */ = {isa = PBXFileReference; lastKnownFileType = folder.assetcatalog; path = "Preview Assets.xcassets"; sourceTree = "<group>"; };
		C26571EE2B43D4580069B4D9 /* RGBColors.swift */ = {isa = PBXFileReference; lastKnownFileType = sourcecode.swift; path = RGBColors.swift; sourceTree = "<group>"; };
		C2AC76482B6A4144009BBF50 /* ProgressorView.swift */ = {isa = PBXFileReference; lastKnownFileType = sourcecode.swift; path = ProgressorView.swift; sourceTree = "<group>"; };
		C2BBE7D02BA1F89200A30E3B /* ItemDescription.swift */ = {isa = PBXFileReference; lastKnownFileType = sourcecode.swift; path = ItemDescription.swift; sourceTree = "<group>"; };
		C2D3F56C2B68AFBB004DB0E8 /* CustomSwitch.swift */ = {isa = PBXFileReference; lastKnownFileType = sourcecode.swift; path = CustomSwitch.swift; sourceTree = "<group>"; };
		C2DAC5932BABF72700B965D1 /* ContentView.swift */ = {isa = PBXFileReference; lastKnownFileType = sourcecode.swift; path = ContentView.swift; sourceTree = "<group>"; };
		C2DAC5952BABF9C800B965D1 /* AddRobotView.swift */ = {isa = PBXFileReference; lastKnownFileType = sourcecode.swift; path = AddRobotView.swift; sourceTree = "<group>"; };
/* End PBXFileReference section */

/* Begin PBXFrameworksBuildPhase section */
		C26571DA2B43D1E60069B4D9 /* Frameworks */ = {
			isa = PBXFrameworksBuildPhase;
			buildActionMask = 2147483647;
			files = (
			);
			runOnlyForDeploymentPostprocessing = 0;
		};
/* End PBXFrameworksBuildPhase section */

/* Begin PBXGroup section */
		C26571D42B43D1E60069B4D9 = {
			isa = PBXGroup;
			children = (
				C2DAC5922BABF71B00B965D1 /* Tapo */,
				C2AC76472B6A40BA009BBF50 /* UI Components */,
				C26571DF2B43D1E60069B4D9 /* UIClones */,
				C26571DE2B43D1E60069B4D9 /* Products */,
			);
			sourceTree = "<group>";
		};
		C26571DE2B43D1E60069B4D9 /* Products */ = {
			isa = PBXGroup;
			children = (
				C26571DD2B43D1E60069B4D9 /* UIClones.app */,
			);
			name = Products;
			sourceTree = "<group>";
		};
		C26571DF2B43D1E60069B4D9 /* UIClones */ = {
			isa = PBXGroup;
			children = (
				C26571E02B43D1E60069B4D9 /* UIClonesApp.swift */,
				C26571E22B43D1E60069B4D9 /* QuikAppOTAInstallingView.swift */,
				C26571E42B43D1E80069B4D9 /* Assets.xcassets */,
				C26571E62B43D1E80069B4D9 /* Preview Content */,
				C2BBE7D02BA1F89200A30E3B /* ItemDescription.swift */,
			);
			path = UIClones;
			sourceTree = "<group>";
		};
		C26571E62B43D1E80069B4D9 /* Preview Content */ = {
			isa = PBXGroup;
			children = (
				C26571E72B43D1E80069B4D9 /* Preview Assets.xcassets */,
			);
			path = "Preview Content";
			sourceTree = "<group>";
		};
		C2AC76472B6A40BA009BBF50 /* UI Components */ = {
			isa = PBXGroup;
			children = (
				C26571EE2B43D4580069B4D9 /* RGBColors.swift */,
				C2D3F56C2B68AFBB004DB0E8 /* CustomSwitch.swift */,
				C246CC092B69F459004E745A /* CustomSegmentedPicker.swift */,
				C2AC76482B6A4144009BBF50 /* ProgressorView.swift */,
			);
			path = "UI Components";
			sourceTree = "<group>";
		};
		C2DAC5922BABF71B00B965D1 /* Tapo */ = {
			isa = PBXGroup;
			children = (
				C2DAC5932BABF72700B965D1 /* ContentView.swift */,
				C2DAC5952BABF9C800B965D1 /* AddRobotView.swift */,
			);
			path = Tapo;
			sourceTree = "<group>";
		};
/* End PBXGroup section */

/* Begin PBXNativeTarget section */
		C26571DC2B43D1E60069B4D9 /* UIClones */ = {
			isa = PBXNativeTarget;
			buildConfigurationList = C26571EB2B43D1E80069B4D9 /* Build configuration list for PBXNativeTarget "UIClones" */;
			buildPhases = (
				C26571D92B43D1E60069B4D9 /* Sources */,
				C26571DA2B43D1E60069B4D9 /* Frameworks */,
				C26571DB2B43D1E60069B4D9 /* Resources */,
			);
			buildRules = (
			);
			dependencies = (
			);
			name = UIClones;
			productName = UIClones;
			productReference = C26571DD2B43D1E60069B4D9 /* UIClones.app */;
			productType = "com.apple.product-type.application";
		};
/* End PBXNativeTarget section */

/* Begin PBXProject section */
		C26571D52B43D1E60069B4D9 /* Project object */ = {
			isa = PBXProject;
			attributes = {
				BuildIndependentTargetsInParallel = 1;
				LastSwiftUpdateCheck = 1510;
				LastUpgradeCheck = 1510;
				TargetAttributes = {
					C26571DC2B43D1E60069B4D9 = {
						CreatedOnToolsVersion = 15.1;
					};
				};
			};
			buildConfigurationList = C26571D82B43D1E60069B4D9 /* Build configuration list for PBXProject "UIClones" */;
			compatibilityVersion = "Xcode 14.0";
			developmentRegion = en;
			hasScannedForEncodings = 0;
			knownRegions = (
				en,
				Base,
			);
			mainGroup = C26571D42B43D1E60069B4D9;
			productRefGroup = C26571DE2B43D1E60069B4D9 /* Products */;
			projectDirPath = "";
			projectRoot = "";
			targets = (
				C26571DC2B43D1E60069B4D9 /* UIClones */,
			);
		};
/* End PBXProject section */

/* Begin PBXResourcesBuildPhase section */
		C26571DB2B43D1E60069B4D9 /* Resources */ = {
			isa = PBXResourcesBuildPhase;
			buildActionMask = 2147483647;
			files = (
				C26571E82B43D1E80069B4D9 /* Preview Assets.xcassets in Resources */,
				C26571E52B43D1E80069B4D9 /* Assets.xcassets in Resources */,
			);
			runOnlyForDeploymentPostprocessing = 0;
		};
/* End PBXResourcesBuildPhase section */

/* Begin PBXSourcesBuildPhase section */
		C26571D92B43D1E60069B4D9 /* Sources */ = {
			isa = PBXSourcesBuildPhase;
			buildActionMask = 2147483647;
			files = (
				C26571E32B43D1E60069B4D9 /* QuikAppOTAInstallingView.swift in Sources */,
				C2BBE7D12BA1F89200A30E3B /* ItemDescription.swift in Sources */,
				C2DAC5942BABF72700B965D1 /* ContentView.swift in Sources */,
				C26571E12B43D1E60069B4D9 /* UIClonesApp.swift in Sources */,
				C246CC0A2B69F459004E745A /* CustomSegmentedPicker.swift in Sources */,
				C2D3F56D2B68AFBB004DB0E8 /* CustomSwitch.swift in Sources */,
				C2AC76492B6A4144009BBF50 /* ProgressorView.swift in Sources */,
				C26571EF2B43D4580069B4D9 /* RGBColors.swift in Sources */,
				C2DAC5962BABF9C800B965D1 /* AddRobotView.swift in Sources */,
			);
			runOnlyForDeploymentPostprocessing = 0;
		};
/* End PBXSourcesBuildPhase section */

/* Begin XCBuildConfiguration section */
		C26571E92B43D1E80069B4D9 /* Debug */ = {
			isa = XCBuildConfiguration;
			buildSettings = {
				ALWAYS_SEARCH_USER_PATHS = NO;
				ASSETCATALOG_COMPILER_GENERATE_SWIFT_ASSET_SYMBOL_EXTENSIONS = YES;
				CLANG_ANALYZER_NONNULL = YES;
				CLANG_ANALYZER_NUMBER_OBJECT_CONVERSION = YES_AGGRESSIVE;
				CLANG_CXX_LANGUAGE_STANDARD = "gnu++20";
				CLANG_ENABLE_MODULES = YES;
				CLANG_ENABLE_OBJC_ARC = YES;
				CLANG_ENABLE_OBJC_WEAK = YES;
				CLANG_WARN_BLOCK_CAPTURE_AUTORELEASING = YES;
				CLANG_WARN_BOOL_CONVERSION = YES;
				CLANG_WARN_COMMA = YES;
				CLANG_WARN_CONSTANT_CONVERSION = YES;
				CLANG_WARN_DEPRECATED_OBJC_IMPLEMENTATIONS = YES;
				CLANG_WARN_DIRECT_OBJC_ISA_USAGE = YES_ERROR;
				CLANG_WARN_DOCUMENTATION_COMMENTS = YES;
				CLANG_WARN_EMPTY_BODY = YES;
				CLANG_WARN_ENUM_CONVERSION = YES;
				CLANG_WARN_INFINITE_RECURSION = YES;
				CLANG_WARN_INT_CONVERSION = YES;
				CLANG_WARN_NON_LITERAL_NULL_CONVERSION = YES;
				CLANG_WARN_OBJC_IMPLICIT_RETAIN_SELF = YES;
				CLANG_WARN_OBJC_LITERAL_CONVERSION = YES;
				CLANG_WARN_OBJC_ROOT_CLASS = YES_ERROR;
				CLANG_WARN_QUOTED_INCLUDE_IN_FRAMEWORK_HEADER = YES;
				CLANG_WARN_RANGE_LOOP_ANALYSIS = YES;
				CLANG_WARN_STRICT_PROTOTYPES = YES;
				CLANG_WARN_SUSPICIOUS_MOVE = YES;
				CLANG_WARN_UNGUARDED_AVAILABILITY = YES_AGGRESSIVE;
				CLANG_WARN_UNREACHABLE_CODE = YES;
				CLANG_WARN__DUPLICATE_METHOD_MATCH = YES;
				COPY_PHASE_STRIP = NO;
				DEBUG_INFORMATION_FORMAT = dwarf;
				ENABLE_STRICT_OBJC_MSGSEND = YES;
				ENABLE_TESTABILITY = YES;
				ENABLE_USER_SCRIPT_SANDBOXING = YES;
				GCC_C_LANGUAGE_STANDARD = gnu17;
				GCC_DYNAMIC_NO_PIC = NO;
				GCC_NO_COMMON_BLOCKS = YES;
				GCC_OPTIMIZATION_LEVEL = 0;
				GCC_PREPROCESSOR_DEFINITIONS = (
					"DEBUG=1",
					"$(inherited)",
				);
				GCC_WARN_64_TO_32_BIT_CONVERSION = YES;
				GCC_WARN_ABOUT_RETURN_TYPE = YES_ERROR;
				GCC_WARN_UNDECLARED_SELECTOR = YES;
				GCC_WARN_UNINITIALIZED_AUTOS = YES_AGGRESSIVE;
				GCC_WARN_UNUSED_FUNCTION = YES;
				GCC_WARN_UNUSED_VARIABLE = YES;
				IPHONEOS_DEPLOYMENT_TARGET = 17.2;
				LOCALIZATION_PREFERS_STRING_CATALOGS = YES;
				MTL_ENABLE_DEBUG_INFO = INCLUDE_SOURCE;
				MTL_FAST_MATH = YES;
				ONLY_ACTIVE_ARCH = YES;
				SDKROOT = iphoneos;
				SWIFT_ACTIVE_COMPILATION_CONDITIONS = "DEBUG $(inherited)";
				SWIFT_OPTIMIZATION_LEVEL = "-Onone";
			};
			name = Debug;
		};
		C26571EA2B43D1E80069B4D9 /* Release */ = {
			isa = XCBuildConfiguration;
			buildSettings = {
				ALWAYS_SEARCH_USER_PATHS = NO;
				ASSETCATALOG_COMPILER_GENERATE_SWIFT_ASSET_SYMBOL_EXTENSIONS = YES;
				CLANG_ANALYZER_NONNULL = YES;
				CLANG_ANALYZER_NUMBER_OBJECT_CONVERSION = YES_AGGRESSIVE;
				CLANG_CXX_LANGUAGE_STANDARD = "gnu++20";
				CLANG_ENABLE_MODULES = YES;
				CLANG_ENABLE_OBJC_ARC = YES;
				CLANG_ENABLE_OBJC_WEAK = YES;
				CLANG_WARN_BLOCK_CAPTURE_AUTORELEASING = YES;
				CLANG_WARN_BOOL_CONVERSION = YES;
				CLANG_WARN_COMMA = YES;
				CLANG_WARN_CONSTANT_CONVERSION = YES;
				CLANG_WARN_DEPRECATED_OBJC_IMPLEMENTATIONS = YES;
				CLANG_WARN_DIRECT_OBJC_ISA_USAGE = YES_ERROR;
				CLANG_WARN_DOCUMENTATION_COMMENTS = YES;
				CLANG_WARN_EMPTY_BODY = YES;
				CLANG_WARN_ENUM_CONVERSION = YES;
				CLANG_WARN_INFINITE_RECURSION = YES;
				CLANG_WARN_INT_CONVERSION = YES;
				CLANG_WARN_NON_LITERAL_NULL_CONVERSION = YES;
				CLANG_WARN_OBJC_IMPLICIT_RETAIN_SELF = YES;
				CLANG_WARN_OBJC_LITERAL_CONVERSION = YES;
				CLANG_WARN_OBJC_ROOT_CLASS = YES_ERROR;
				CLANG_WARN_QUOTED_INCLUDE_IN_FRAMEWORK_HEADER = YES;
				CLANG_WARN_RANGE_LOOP_ANALYSIS = YES;
				CLANG_WARN_STRICT_PROTOTYPES = YES;
				CLANG_WARN_SUSPICIOUS_MOVE = YES;
				CLANG_WARN_UNGUARDED_AVAILABILITY = YES_AGGRESSIVE;
				CLANG_WARN_UNREACHABLE_CODE = YES;
				CLANG_WARN__DUPLICATE_METHOD_MATCH = YES;
				COPY_PHASE_STRIP = NO;
				DEBUG_INFORMATION_FORMAT = "dwarf-with-dsym";
				ENABLE_NS_ASSERTIONS = NO;
				ENABLE_STRICT_OBJC_MSGSEND = YES;
				ENABLE_USER_SCRIPT_SANDBOXING = YES;
				GCC_C_LANGUAGE_STANDARD = gnu17;
				GCC_NO_COMMON_BLOCKS = YES;
				GCC_WARN_64_TO_32_BIT_CONVERSION = YES;
				GCC_WARN_ABOUT_RETURN_TYPE = YES_ERROR;
				GCC_WARN_UNDECLARED_SELECTOR = YES;
				GCC_WARN_UNINITIALIZED_AUTOS = YES_AGGRESSIVE;
				GCC_WARN_UNUSED_FUNCTION = YES;
				GCC_WARN_UNUSED_VARIABLE = YES;
				IPHONEOS_DEPLOYMENT_TARGET = 17.2;
				LOCALIZATION_PREFERS_STRING_CATALOGS = YES;
				MTL_ENABLE_DEBUG_INFO = NO;
				MTL_FAST_MATH = YES;
				SDKROOT = iphoneos;
				SWIFT_COMPILATION_MODE = wholemodule;
				VALIDATE_PRODUCT = YES;
			};
			name = Release;
		};
		C26571EC2B43D1E80069B4D9 /* Debug */ = {
			isa = XCBuildConfiguration;
			buildSettings = {
				ASSETCATALOG_COMPILER_APPICON_NAME = AppIcon;
				ASSETCATALOG_COMPILER_GLOBAL_ACCENT_COLOR_NAME = AccentColor;
				CODE_SIGN_STYLE = Automatic;
				CURRENT_PROJECT_VERSION = 1;
				DEVELOPMENT_ASSET_PATHS = "\"UIClones/Preview Content\"";
				DEVELOPMENT_TEAM = WJX4LW536A;
				ENABLE_PREVIEWS = YES;
				GENERATE_INFOPLIST_FILE = YES;
				INFOPLIST_KEY_UIApplicationSceneManifest_Generation = YES;
				INFOPLIST_KEY_UIApplicationSupportsIndirectInputEvents = YES;
				INFOPLIST_KEY_UILaunchScreen_Generation = YES;
				INFOPLIST_KEY_UISupportedInterfaceOrientations_iPad = "UIInterfaceOrientationPortrait UIInterfaceOrientationPortraitUpsideDown UIInterfaceOrientationLandscapeLeft UIInterfaceOrientationLandscapeRight";
				INFOPLIST_KEY_UISupportedInterfaceOrientations_iPhone = "UIInterfaceOrientationPortrait UIInterfaceOrientationPortraitUpsideDown";
				IPHONEOS_DEPLOYMENT_TARGET = 17.0;
				LD_RUNPATH_SEARCH_PATHS = (
					"$(inherited)",
					"@executable_path/Frameworks",
				);
				MARKETING_VERSION = 1.0;
				PRODUCT_BUNDLE_IDENTIFIER = com.learning.UIClones.UIClones;
				PRODUCT_NAME = "$(TARGET_NAME)";
				SWIFT_EMIT_LOC_STRINGS = YES;
				SWIFT_VERSION = 5.0;
				TARGETED_DEVICE_FAMILY = "1,2";
			};
			name = Debug;
		};
		C26571ED2B43D1E80069B4D9 /* Release */ = {
			isa = XCBuildConfiguration;
			buildSettings = {
				ASSETCATALOG_COMPILER_APPICON_NAME = AppIcon;
				ASSETCATALOG_COMPILER_GLOBAL_ACCENT_COLOR_NAME = AccentColor;
				CODE_SIGN_STYLE = Automatic;
				CURRENT_PROJECT_VERSION = 1;
				DEVELOPMENT_ASSET_PATHS = "\"UIClones/Preview Content\"";
				DEVELOPMENT_TEAM = WJX4LW536A;
				ENABLE_PREVIEWS = YES;
				GENERATE_INFOPLIST_FILE = YES;
				INFOPLIST_KEY_UIApplicationSceneManifest_Generation = YES;
				INFOPLIST_KEY_UIApplicationSupportsIndirectInputEvents = YES;
				INFOPLIST_KEY_UILaunchScreen_Generation = YES;
				INFOPLIST_KEY_UISupportedInterfaceOrientations_iPad = "UIInterfaceOrientationPortrait UIInterfaceOrientationPortraitUpsideDown UIInterfaceOrientationLandscapeLeft UIInterfaceOrientationLandscapeRight";
				INFOPLIST_KEY_UISupportedInterfaceOrientations_iPhone = "UIInterfaceOrientationPortrait UIInterfaceOrientationPortraitUpsideDown";
				IPHONEOS_DEPLOYMENT_TARGET = 17.0;
				LD_RUNPATH_SEARCH_PATHS = (
					"$(inherited)",
					"@executable_path/Frameworks",
				);
				MARKETING_VERSION = 1.0;
				PRODUCT_BUNDLE_IDENTIFIER = com.learning.UIClones.UIClones;
				PRODUCT_NAME = "$(TARGET_NAME)";
				SWIFT_EMIT_LOC_STRINGS = YES;
				SWIFT_VERSION = 5.0;
				TARGETED_DEVICE_FAMILY = "1,2";
			};
			name = Release;
		};
/* End XCBuildConfiguration section */

/* Begin XCConfigurationList section */
		C26571D82B43D1E60069B4D9 /* Build configuration list for PBXProject "UIClones" */ = {
			isa = XCConfigurationList;
			buildConfigurations = (
				C26571E92B43D1E80069B4D9 /* Debug */,
				C26571EA2B43D1E80069B4D9 /* Release */,
			);
			defaultConfigurationIsVisible = 0;
			defaultConfigurationName = Release;
		};
		C26571EB2B43D1E80069B4D9 /* Build configuration list for PBXNativeTarget "UIClones" */ = {
			isa = XCConfigurationList;
			buildConfigurations = (
				C26571EC2B43D1E80069B4D9 /* Debug */,
				C26571ED2B43D1E80069B4D9 /* Release */,
			);
			defaultConfigurationIsVisible = 0;
			defaultConfigurationName = Release;
		};
/* End XCConfigurationList section */
	};
	rootObject = C26571D52B43D1E60069B4D9 /* Project object */;
}
