// !$*UTF8*$!
{
	archiveVersion = 1;
	classes = {
	};
	objectVersion = 56;
	objects = {

/* Begin PBXBuildFile section */
		C25FBE4D2B1DB19200983FBF /* ScoreView.swift in Sources */ = {isa = PBXBuildFile; fileRef = C25FBE4C2B1DB19200983FBF /* ScoreView.swift */; };
		C25FBE4F2B1DB22A00983FBF /* Score.swift in Sources */ = {isa = PBXBuildFile; fileRef = C25FBE4E2B1DB22A00983FBF /* Score.swift */; };
		C25FBE512B1DB7C100983FBF /* EmptyScoreView.swift in Sources */ = {isa = PBXBuildFile; fileRef = C25FBE502B1DB7C100983FBF /* EmptyScoreView.swift */; };
		C267C0CC2B18755F00DBEA1C /* TransitionView.swift in Sources */ = {isa = PBXBuildFile; fileRef = C267C0CB2B18755F00DBEA1C /* TransitionView.swift */; };
		C2C0472A2B0C5B8F00102D08 /* MultiplicationTableApp.swift in Sources */ = {isa = PBXBuildFile; fileRef = C2C047292B0C5B8F00102D08 /* MultiplicationTableApp.swift */; };
		C2C0472C2B0C5B8F00102D08 /* TestView.swift in Sources */ = {isa = PBXBuildFile; fileRef = C2C0472B2B0C5B8F00102D08 /* TestView.swift */; };
		C2C0472E2B0C5B9100102D08 /* Assets.xcassets in Resources */ = {isa = PBXBuildFile; fileRef = C2C0472D2B0C5B9100102D08 /* Assets.xcassets */; };
		C2C047312B0C5B9100102D08 /* Preview Assets.xcassets in Resources */ = {isa = PBXBuildFile; fileRef = C2C047302B0C5B9100102D08 /* Preview Assets.xcassets */; };
		C2C047382B0C5BF200102D08 /* Question.swift in Sources */ = {isa = PBXBuildFile; fileRef = C2C047372B0C5BF200102D08 /* Question.swift */; };
		C2D2B6162B0F2F220083E34A /* MultiplicationHomeView.swift in Sources */ = {isa = PBXBuildFile; fileRef = C2D2B6152B0F2F220083E34A /* MultiplicationHomeView.swift */; };
		C2E13A5F2B1F0DA60005770C /* DummyList.swift in Sources */ = {isa = PBXBuildFile; fileRef = C2E13A5E2B1F0DA60005770C /* DummyList.swift */; };
/* End PBXBuildFile section */

/* Begin PBXFileReference section */
		C25FBE4C2B1DB19200983FBF /* ScoreView.swift */ = {isa = PBXFileReference; lastKnownFileType = sourcecode.swift; path = ScoreView.swift; sourceTree = "<group>"; };
		C25FBE4E2B1DB22A00983FBF /* Score.swift */ = {isa = PBXFileReference; lastKnownFileType = sourcecode.swift; path = Score.swift; sourceTree = "<group>"; };
		C25FBE502B1DB7C100983FBF /* EmptyScoreView.swift */ = {isa = PBXFileReference; lastKnownFileType = sourcecode.swift; path = EmptyScoreView.swift; sourceTree = "<group>"; };
		C267C0CB2B18755F00DBEA1C /* TransitionView.swift */ = {isa = PBXFileReference; lastKnownFileType = sourcecode.swift; path = TransitionView.swift; sourceTree = "<group>"; };
		C2C047262B0C5B8F00102D08 /* MultiplicationTable.app */ = {isa = PBXFileReference; explicitFileType = wrapper.application; includeInIndex = 0; path = MultiplicationTable.app; sourceTree = BUILT_PRODUCTS_DIR; };
		C2C047292B0C5B8F00102D08 /* MultiplicationTableApp.swift */ = {isa = PBXFileReference; lastKnownFileType = sourcecode.swift; path = MultiplicationTableApp.swift; sourceTree = "<group>"; };
		C2C0472B2B0C5B8F00102D08 /* TestView.swift */ = {isa = PBXFileReference; lastKnownFileType = sourcecode.swift; path = TestView.swift; sourceTree = "<group>"; };
		C2C0472D2B0C5B9100102D08 /* Assets.xcassets */ = {isa = PBXFileReference; lastKnownFileType = folder.assetcatalog; path = Assets.xcassets; sourceTree = "<group>"; };
		C2C047302B0C5B9100102D08 /* Preview Assets.xcassets */ = {isa = PBXFileReference; lastKnownFileType = folder.assetcatalog; path = "Preview Assets.xcassets"; sourceTree = "<group>"; };
		C2C047372B0C5BF200102D08 /* Question.swift */ = {isa = PBXFileReference; lastKnownFileType = sourcecode.swift; path = Question.swift; sourceTree = "<group>"; };
		C2D2B6152B0F2F220083E34A /* MultiplicationHomeView.swift */ = {isa = PBXFileReference; lastKnownFileType = sourcecode.swift; path = MultiplicationHomeView.swift; sourceTree = "<group>"; };
		C2E13A5E2B1F0DA60005770C /* DummyList.swift */ = {isa = PBXFileReference; lastKnownFileType = sourcecode.swift; path = DummyList.swift; sourceTree = "<group>"; };
/* End PBXFileReference section */

/* Begin PBXFrameworksBuildPhase section */
		C2C047232B0C5B8F00102D08 /* Frameworks */ = {
			isa = PBXFrameworksBuildPhase;
			buildActionMask = 2147483647;
			files = (
			);
			runOnlyForDeploymentPostprocessing = 0;
		};
/* End PBXFrameworksBuildPhase section */

/* Begin PBXGroup section */
		C2C0471D2B0C5B8F00102D08 = {
			isa = PBXGroup;
			children = (
				C2E13A5E2B1F0DA60005770C /* DummyList.swift */,
				C2C047282B0C5B8F00102D08 /* MultiplicationTable */,
				C2C047272B0C5B8F00102D08 /* Products */,
			);
			sourceTree = "<group>";
		};
		C2C047272B0C5B8F00102D08 /* Products */ = {
			isa = PBXGroup;
			children = (
				C2C047262B0C5B8F00102D08 /* MultiplicationTable.app */,
			);
			name = Products;
			sourceTree = "<group>";
		};
		C2C047282B0C5B8F00102D08 /* MultiplicationTable */ = {
			isa = PBXGroup;
			children = (
				C2C047292B0C5B8F00102D08 /* MultiplicationTableApp.swift */,
				C25FBE4E2B1DB22A00983FBF /* Score.swift */,
				C2C0472D2B0C5B9100102D08 /* Assets.xcassets */,
				C2C0472F2B0C5B9100102D08 /* Preview Content */,
				C2C047372B0C5BF200102D08 /* Question.swift */,
				C2D2B6152B0F2F220083E34A /* MultiplicationHomeView.swift */,
				C2C0472B2B0C5B8F00102D08 /* TestView.swift */,
				C267C0CB2B18755F00DBEA1C /* TransitionView.swift */,
				C25FBE4C2B1DB19200983FBF /* ScoreView.swift */,
				C25FBE502B1DB7C100983FBF /* EmptyScoreView.swift */,
			);
			path = MultiplicationTable;
			sourceTree = "<group>";
		};
		C2C0472F2B0C5B9100102D08 /* Preview Content */ = {
			isa = PBXGroup;
			children = (
				C2C047302B0C5B9100102D08 /* Preview Assets.xcassets */,
			);
			path = "Preview Content";
			sourceTree = "<group>";
		};
/* End PBXGroup section */

/* Begin PBXNativeTarget section */
		C2C047252B0C5B8F00102D08 /* MultiplicationTable */ = {
			isa = PBXNativeTarget;
			buildConfigurationList = C2C047342B0C5B9100102D08 /* Build configuration list for PBXNativeTarget "MultiplicationTable" */;
			buildPhases = (
				C2C047222B0C5B8F00102D08 /* Sources */,
				C2C047232B0C5B8F00102D08 /* Frameworks */,
				C2C047242B0C5B8F00102D08 /* Resources */,
			);
			buildRules = (
			);
			dependencies = (
			);
			name = MultiplicationTable;
			productName = MultiplicationTable;
			productReference = C2C047262B0C5B8F00102D08 /* MultiplicationTable.app */;
			productType = "com.apple.product-type.application";
		};
/* End PBXNativeTarget section */

/* Begin PBXProject section */
		C2C0471E2B0C5B8F00102D08 /* Project object */ = {
			isa = PBXProject;
			attributes = {
				BuildIndependentTargetsInParallel = 1;
				LastSwiftUpdateCheck = 1500;
				LastUpgradeCheck = 1500;
				TargetAttributes = {
					C2C047252B0C5B8F00102D08 = {
						CreatedOnToolsVersion = 15.0.1;
					};
				};
			};
			buildConfigurationList = C2C047212B0C5B8F00102D08 /* Build configuration list for PBXProject "MultiplicationTable" */;
			compatibilityVersion = "Xcode 14.0";
			developmentRegion = en;
			hasScannedForEncodings = 0;
			knownRegions = (
				en,
				Base,
			);
			mainGroup = C2C0471D2B0C5B8F00102D08;
			productRefGroup = C2C047272B0C5B8F00102D08 /* Products */;
			projectDirPath = "";
			projectRoot = "";
			targets = (
				C2C047252B0C5B8F00102D08 /* MultiplicationTable */,
			);
		};
/* End PBXProject section */

/* Begin PBXResourcesBuildPhase section */
		C2C047242B0C5B8F00102D08 /* Resources */ = {
			isa = PBXResourcesBuildPhase;
			buildActionMask = 2147483647;
			files = (
				C2C047312B0C5B9100102D08 /* Preview Assets.xcassets in Resources */,
				C2C0472E2B0C5B9100102D08 /* Assets.xcassets in Resources */,
			);
			runOnlyForDeploymentPostprocessing = 0;
		};
/* End PBXResourcesBuildPhase section */

/* Begin PBXSourcesBuildPhase section */
		C2C047222B0C5B8F00102D08 /* Sources */ = {
			isa = PBXSourcesBuildPhase;
			buildActionMask = 2147483647;
			files = (
				C2C047382B0C5BF200102D08 /* Question.swift in Sources */,
				C25FBE512B1DB7C100983FBF /* EmptyScoreView.swift in Sources */,
				C2D2B6162B0F2F220083E34A /* MultiplicationHomeView.swift in Sources */,
				C2C0472C2B0C5B8F00102D08 /* TestView.swift in Sources */,
				C2E13A5F2B1F0DA60005770C /* DummyList.swift in Sources */,
				C267C0CC2B18755F00DBEA1C /* TransitionView.swift in Sources */,
				C2C0472A2B0C5B8F00102D08 /* MultiplicationTableApp.swift in Sources */,
				C25FBE4F2B1DB22A00983FBF /* Score.swift in Sources */,
				C25FBE4D2B1DB19200983FBF /* ScoreView.swift in Sources */,
			);
			runOnlyForDeploymentPostprocessing = 0;
		};
/* End PBXSourcesBuildPhase section */

/* Begin XCBuildConfiguration section */
		C2C047322B0C5B9100102D08 /* Debug */ = {
			isa = XCBuildConfiguration;
			buildSettings = {
				ALWAYS_SEARCH_USER_PATHS = NO;
				ASSETCATALOG_COMPILER_GENERATE_SWIFT_ASSET_SYMBOL_EXTENSIONS = YES;
				CLANG_ANALYZER_NONNULL = YES;
				CLANG_ANALYZER_NUMBER_OBJECT_CONVERSION = YES_AGGRESSIVE;
				CLANG_CXX_LANGUAGE_STANDARD = "gnu++20";
				CLANG_ENABLE_MODULES = YES;
				CLANG_ENABLE_OBJC_ARC = YES;
				CLANG_ENABLE_OBJC_WEAK = YES;
				CLANG_WARN_BLOCK_CAPTURE_AUTORELEASING = YES;
				CLANG_WARN_BOOL_CONVERSION = YES;
				CLANG_WARN_COMMA = YES;
				CLANG_WARN_CONSTANT_CONVERSION = YES;
				CLANG_WARN_DEPRECATED_OBJC_IMPLEMENTATIONS = YES;
				CLANG_WARN_DIRECT_OBJC_ISA_USAGE = YES_ERROR;
				CLANG_WARN_DOCUMENTATION_COMMENTS = YES;
				CLANG_WARN_EMPTY_BODY = YES;
				CLANG_WARN_ENUM_CONVERSION = YES;
				CLANG_WARN_INFINITE_RECURSION = YES;
				CLANG_WARN_INT_CONVERSION = YES;
				CLANG_WARN_NON_LITERAL_NULL_CONVERSION = YES;
				CLANG_WARN_OBJC_IMPLICIT_RETAIN_SELF = YES;
				CLANG_WARN_OBJC_LITERAL_CONVERSION = YES;
				CLANG_WARN_OBJC_ROOT_CLASS = YES_ERROR;
				CLANG_WARN_QUOTED_INCLUDE_IN_FRAMEWORK_HEADER = YES;
				CLANG_WARN_RANGE_LOOP_ANALYSIS = YES;
				CLANG_WARN_STRICT_PROTOTYPES = YES;
				CLANG_WARN_SUSPICIOUS_MOVE = YES;
				CLANG_WARN_UNGUARDED_AVAILABILITY = YES_AGGRESSIVE;
				CLANG_WARN_UNREACHABLE_CODE = YES;
				CLANG_WARN__DUPLICATE_METHOD_MATCH = YES;
				COPY_PHASE_STRIP = NO;
				DEBUG_INFORMATION_FORMAT = dwarf;
				ENABLE_STRICT_OBJC_MSGSEND = YES;
				ENABLE_TESTABILITY = YES;
				ENABLE_USER_SCRIPT_SANDBOXING = YES;
				GCC_C_LANGUAGE_STANDARD = gnu17;
				GCC_DYNAMIC_NO_PIC = NO;
				GCC_NO_COMMON_BLOCKS = YES;
				GCC_OPTIMIZATION_LEVEL = 0;
				GCC_PREPROCESSOR_DEFINITIONS = (
					"DEBUG=1",
					"$(inherited)",
				);
				GCC_WARN_64_TO_32_BIT_CONVERSION = YES;
				GCC_WARN_ABOUT_RETURN_TYPE = YES_ERROR;
				GCC_WARN_UNDECLARED_SELECTOR = YES;
				GCC_WARN_UNINITIALIZED_AUTOS = YES_AGGRESSIVE;
				GCC_WARN_UNUSED_FUNCTION = YES;
				GCC_WARN_UNUSED_VARIABLE = YES;
				IPHONEOS_DEPLOYMENT_TARGET = 17.0;
				LOCALIZATION_PREFERS_STRING_CATALOGS = YES;
				MTL_ENABLE_DEBUG_INFO = INCLUDE_SOURCE;
				MTL_FAST_MATH = YES;
				ONLY_ACTIVE_ARCH = YES;
				SDKROOT = iphoneos;
				SWIFT_ACTIVE_COMPILATION_CONDITIONS = "DEBUG $(inherited)";
				SWIFT_OPTIMIZATION_LEVEL = "-Onone";
			};
			name = Debug;
		};
		C2C047332B0C5B9100102D08 /* Release */ = {
			isa = XCBuildConfiguration;
			buildSettings = {
				ALWAYS_SEARCH_USER_PATHS = NO;
				ASSETCATALOG_COMPILER_GENERATE_SWIFT_ASSET_SYMBOL_EXTENSIONS = YES;
				CLANG_ANALYZER_NONNULL = YES;
				CLANG_ANALYZER_NUMBER_OBJECT_CONVERSION = YES_AGGRESSIVE;
				CLANG_CXX_LANGUAGE_STANDARD = "gnu++20";
				CLANG_ENABLE_MODULES = YES;
				CLANG_ENABLE_OBJC_ARC = YES;
				CLANG_ENABLE_OBJC_WEAK = YES;
				CLANG_WARN_BLOCK_CAPTURE_AUTORELEASING = YES;
				CLANG_WARN_BOOL_CONVERSION = YES;
				CLANG_WARN_COMMA = YES;
				CLANG_WARN_CONSTANT_CONVERSION = YES;
				CLANG_WARN_DEPRECATED_OBJC_IMPLEMENTATIONS = YES;
				CLANG_WARN_DIRECT_OBJC_ISA_USAGE = YES_ERROR;
				CLANG_WARN_DOCUMENTATION_COMMENTS = YES;
				CLANG_WARN_EMPTY_BODY = YES;
				CLANG_WARN_ENUM_CONVERSION = YES;
				CLANG_WARN_INFINITE_RECURSION = YES;
				CLANG_WARN_INT_CONVERSION = YES;
				CLANG_WARN_NON_LITERAL_NULL_CONVERSION = YES;
				CLANG_WARN_OBJC_IMPLICIT_RETAIN_SELF = YES;
				CLANG_WARN_OBJC_LITERAL_CONVERSION = YES;
				CLANG_WARN_OBJC_ROOT_CLASS = YES_ERROR;
				CLANG_WARN_QUOTED_INCLUDE_IN_FRAMEWORK_HEADER = YES;
				CLANG_WARN_RANGE_LOOP_ANALYSIS = YES;
				CLANG_WARN_STRICT_PROTOTYPES = YES;
				CLANG_WARN_SUSPICIOUS_MOVE = YES;
				CLANG_WARN_UNGUARDED_AVAILABILITY = YES_AGGRESSIVE;
				CLANG_WARN_UNREACHABLE_CODE = YES;
				CLANG_WARN__DUPLICATE_METHOD_MATCH = YES;
				COPY_PHASE_STRIP = NO;
				DEBUG_INFORMATION_FORMAT = "dwarf-with-dsym";
				ENABLE_NS_ASSERTIONS = NO;
				ENABLE_STRICT_OBJC_MSGSEND = YES;
				ENABLE_USER_SCRIPT_SANDBOXING = YES;
				GCC_C_LANGUAGE_STANDARD = gnu17;
				GCC_NO_COMMON_BLOCKS = YES;
				GCC_WARN_64_TO_32_BIT_CONVERSION = YES;
				GCC_WARN_ABOUT_RETURN_TYPE = YES_ERROR;
				GCC_WARN_UNDECLARED_SELECTOR = YES;
				GCC_WARN_UNINITIALIZED_AUTOS = YES_AGGRESSIVE;
				GCC_WARN_UNUSED_FUNCTION = YES;
				GCC_WARN_UNUSED_VARIABLE = YES;
				IPHONEOS_DEPLOYMENT_TARGET = 17.0;
				LOCALIZATION_PREFERS_STRING_CATALOGS = YES;
				MTL_ENABLE_DEBUG_INFO = NO;
				MTL_FAST_MATH = YES;
				SDKROOT = iphoneos;
				SWIFT_COMPILATION_MODE = wholemodule;
				VALIDATE_PRODUCT = YES;
			};
			name = Release;
		};
		C2C047352B0C5B9100102D08 /* Debug */ = {
			isa = XCBuildConfiguration;
			buildSettings = {
				ASSETCATALOG_COMPILER_APPICON_NAME = AppIcon;
				ASSETCATALOG_COMPILER_GLOBAL_ACCENT_COLOR_NAME = AccentColor;
				CODE_SIGN_STYLE = Automatic;
				CURRENT_PROJECT_VERSION = 1;
				DEVELOPMENT_ASSET_PATHS = "\"MultiplicationTable/Preview Content\"";
				DEVELOPMENT_TEAM = WJX4LW536A;
				ENABLE_PREVIEWS = YES;
				GENERATE_INFOPLIST_FILE = YES;
				INFOPLIST_KEY_UIApplicationSceneManifest_Generation = YES;
				INFOPLIST_KEY_UIApplicationSupportsIndirectInputEvents = YES;
				INFOPLIST_KEY_UILaunchScreen_Generation = YES;
				INFOPLIST_KEY_UISupportedInterfaceOrientations_iPad = "UIInterfaceOrientationPortrait UIInterfaceOrientationPortraitUpsideDown UIInterfaceOrientationLandscapeLeft UIInterfaceOrientationLandscapeRight";
				INFOPLIST_KEY_UISupportedInterfaceOrientations_iPhone = "UIInterfaceOrientationPortrait UIInterfaceOrientationLandscapeLeft UIInterfaceOrientationLandscapeRight";
				LD_RUNPATH_SEARCH_PATHS = (
					"$(inherited)",
					"@executable_path/Frameworks",
				);
				MARKETING_VERSION = 1.0;
				PRODUCT_BUNDLE_IDENTIFIER = com.learning.multiplynumbersnothumans.MultiplicationTable;
				PRODUCT_NAME = "$(TARGET_NAME)";
				SWIFT_EMIT_LOC_STRINGS = YES;
				SWIFT_VERSION = 5.0;
				TARGETED_DEVICE_FAMILY = "1,2";
			};
			name = Debug;
		};
		C2C047362B0C5B9100102D08 /* Release */ = {
			isa = XCBuildConfiguration;
			buildSettings = {
				ASSETCATALOG_COMPILER_APPICON_NAME = AppIcon;
				ASSETCATALOG_COMPILER_GLOBAL_ACCENT_COLOR_NAME = AccentColor;
				CODE_SIGN_STYLE = Automatic;
				CURRENT_PROJECT_VERSION = 1;
				DEVELOPMENT_ASSET_PATHS = "\"MultiplicationTable/Preview Content\"";
				DEVELOPMENT_TEAM = WJX4LW536A;
				ENABLE_PREVIEWS = YES;
				GENERATE_INFOPLIST_FILE = YES;
				INFOPLIST_KEY_UIApplicationSceneManifest_Generation = YES;
				INFOPLIST_KEY_UIApplicationSupportsIndirectInputEvents = YES;
				INFOPLIST_KEY_UILaunchScreen_Generation = YES;
				INFOPLIST_KEY_UISupportedInterfaceOrientations_iPad = "UIInterfaceOrientationPortrait UIInterfaceOrientationPortraitUpsideDown UIInterfaceOrientationLandscapeLeft UIInterfaceOrientationLandscapeRight";
				INFOPLIST_KEY_UISupportedInterfaceOrientations_iPhone = "UIInterfaceOrientationPortrait UIInterfaceOrientationLandscapeLeft UIInterfaceOrientationLandscapeRight";
				LD_RUNPATH_SEARCH_PATHS = (
					"$(inherited)",
					"@executable_path/Frameworks",
				);
				MARKETING_VERSION = 1.0;
				PRODUCT_BUNDLE_IDENTIFIER = com.learning.multiplynumbersnothumans.MultiplicationTable;
				PRODUCT_NAME = "$(TARGET_NAME)";
				SWIFT_EMIT_LOC_STRINGS = YES;
				SWIFT_VERSION = 5.0;
				TARGETED_DEVICE_FAMILY = "1,2";
			};
			name = Release;
		};
/* End XCBuildConfiguration section */

/* Begin XCConfigurationList section */
		C2C047212B0C5B8F00102D08 /* Build configuration list for PBXProject "MultiplicationTable" */ = {
			isa = XCConfigurationList;
			buildConfigurations = (
				C2C047322B0C5B9100102D08 /* Debug */,
				C2C047332B0C5B9100102D08 /* Release */,
			);
			defaultConfigurationIsVisible = 0;
			defaultConfigurationName = Release;
		};
		C2C047342B0C5B9100102D08 /* Build configuration list for PBXNativeTarget "MultiplicationTable" */ = {
			isa = XCConfigurationList;
			buildConfigurations = (
				C2C047352B0C5B9100102D08 /* Debug */,
				C2C047362B0C5B9100102D08 /* Release */,
			);
			defaultConfigurationIsVisible = 0;
			defaultConfigurationName = Release;
		};
/* End XCConfigurationList section */
	};
	rootObject = C2C0471E2B0C5B8F00102D08 /* Project object */;
}
